Microsoft Visual Studio Solution File, Format Version 10.00
# Visual Studio 2008
Project("{8BC9CEB8-8B4A-11D0-8D11-00A0C91BC942}") = "ALL_BUILD", "ALL_BUILD.vcproj", "{53C8D33E-1A7E-4843-9D96-78249106EBCB}"
	ProjectSection(ProjectDependencies) = postProject
		{4F53C75C-2A0F-4445-BBA5-02BBD6DAF20A} = {4F53C75C-2A0F-4445-BBA5-02BBD6DAF20A}
		{AA228A0D-F664-410B-81F0-4979E33BD564} = {AA228A0D-F664-410B-81F0-4979E33BD564}
		{2AD07E34-6F7A-42D0-B6AC-49DAFA7A2455} = {2AD07E34-6F7A-42D0-B6AC-49DAFA7A2455}
		{EFD109F2-E202-4C43-88DA-B2DF7AE480A7} = {EFD109F2-E202-4C43-88DA-B2DF7AE480A7}
		{B7DC40B1-8DB5-4B7E-B72F-F6FBE5712B36} = {B7DC40B1-8DB5-4B7E-B72F-F6FBE5712B36}
		{F1089D2E-6214-4438-BF6C-775743936E1A} = {F1089D2E-6214-4438-BF6C-775743936E1A}
		{86ABCF8E-0BA2-4F7A-B7D6-A17A47ACDD01} = {86ABCF8E-0BA2-4F7A-B7D6-A17A47ACDD01}
		{4E552AB6-F07D-4ECB-855D-6CCB1F44BE69} = {4E552AB6-F07D-4ECB-855D-6CCB1F44BE69}
		{26EF00DB-72CE-4007-AEEE-36459410A4C2} = {26EF00DB-72CE-4007-AEEE-36459410A4C2}
		{CE481589-FEFE-4551-B3F2-50F7BED32967} = {CE481589-FEFE-4551-B3F2-50F7BED32967}
		{9EFA6CAC-8A84-408E-9038-A5547D1B365F} = {9EFA6CAC-8A84-408E-9038-A5547D1B365F}
		{093932DB-2BF0-48F7-936E-F3FAE3E6891C} = {093932DB-2BF0-48F7-936E-F3FAE3E6891C}
		{AE818A30-9637-42A9-85F8-D3EED2C69B22} = {AE818A30-9637-42A9-85F8-D3EED2C69B22}
		{8A01AE82-A202-431F-BD82-68306F31C83D} = {8A01AE82-A202-431F-BD82-68306F31C83D}
		{1AD6ADD4-5B98-40E3-8904-8A89C942D32C} = {1AD6ADD4-5B98-40E3-8904-8A89C942D32C}
		{0020075F-23E7-4990-BF6C-A47795644343} = {0020075F-23E7-4990-BF6C-A47795644343}
		{D75ADDC3-45FE-41FB-B73E-A59CE6FFF272} = {D75ADDC3-45FE-41FB-B73E-A59CE6FFF272}
		{109D5772-C4B1-4A41-9E91-F3DED140871A} = {109D5772-C4B1-4A41-9E91-F3DED140871A}
		{AACEDDE5-A2C9-4546-85C4-94C28329A975} = {AACEDDE5-A2C9-4546-85C4-94C28329A975}
		{720DE31A-5BC3-4CB4-B3E2-9A8061F3809C} = {720DE31A-5BC3-4CB4-B3E2-9A8061F3809C}
		{05162887-9E11-4E4C-B510-3867B6A94907} = {05162887-9E11-4E4C-B510-3867B6A94907}
		{211F47F7-3511-4DBC-ABAB-047ABB0152F5} = {211F47F7-3511-4DBC-ABAB-047ABB0152F5}
		{FB80012D-BAE1-41D9-8455-6073E1085866} = {FB80012D-BAE1-41D9-8455-6073E1085866}
		{BE669165-8F38-4FC7-A6EB-7242F32DD5CB} = {BE669165-8F38-4FC7-A6EB-7242F32DD5CB}
		{551D8652-7FFB-41C6-919F-28D1CBECC97B} = {551D8652-7FFB-41C6-919F-28D1CBECC97B}
		{45901389-B8D6-41A1-AE4C-47C5C0DCBE84} = {45901389-B8D6-41A1-AE4C-47C5C0DCBE84}
		{C4028837-6AE9-4969-A146-FE8DF3EAD49E} = {C4028837-6AE9-4969-A146-FE8DF3EAD49E}
		{AE231043-4927-4C2A-AC5F-DF60273B0C79} = {AE231043-4927-4C2A-AC5F-DF60273B0C79}
		{50CBD56B-C6F5-4285-8A81-92B5B227DC11} = {50CBD56B-C6F5-4285-8A81-92B5B227DC11}
		{14B0FC90-4582-48B6-BC93-B1B79950E447} = {14B0FC90-4582-48B6-BC93-B1B79950E447}
		{C7A10B9B-BC76-484D-BA61-08393F27C05F} = {C7A10B9B-BC76-484D-BA61-08393F27C05F}
		{27B6803C-AC89-4904-94E9-C224EABFD22A} = {27B6803C-AC89-4904-94E9-C224EABFD22A}
		{CE1F5E0B-3A2C-4262-9848-36D9E543A8B5} = {CE1F5E0B-3A2C-4262-9848-36D9E543A8B5}
		{CB2B1926-966D-4AFA-A588-9FB04E54FF8C} = {CB2B1926-966D-4AFA-A588-9FB04E54FF8C}
		{AC17F4E5-FAD0-4A6D-85DB-188665F2491E} = {AC17F4E5-FAD0-4A6D-85DB-188665F2491E}
		{F6B2DFA3-8553-400F-8991-578C22D90F2A} = {F6B2DFA3-8553-400F-8991-578C22D90F2A}
		{B5AC404F-D215-4F29-94C0-9F10302F5655} = {B5AC404F-D215-4F29-94C0-9F10302F5655}
		{481B8F30-00A8-4A9D-BFD2-F6DAC2CC11C4} = {481B8F30-00A8-4A9D-BFD2-F6DAC2CC11C4}
		{3DB2FF88-696E-4777-9115-FB2C9E306527} = {3DB2FF88-696E-4777-9115-FB2C9E306527}
		{5E39C490-3D12-4FA9-A202-1D1C7A600C06} = {5E39C490-3D12-4FA9-A202-1D1C7A600C06}
		{A739E70A-0050-4187-A274-1B0D20ADA23F} = {A739E70A-0050-4187-A274-1B0D20ADA23F}
		{1E7AFF08-9E03-4C85-AF48-8D527C49291F} = {1E7AFF08-9E03-4C85-AF48-8D527C49291F}
		{442E595E-E4F4-4B9C-BB5F-D5695551C817} = {442E595E-E4F4-4B9C-BB5F-D5695551C817}
		{0BC438F6-E7D8-4334-853B-1A7019AD886A} = {0BC438F6-E7D8-4334-853B-1A7019AD886A}
		{B5E1F45A-699E-4ECF-B4CE-27A3195003CF} = {B5E1F45A-699E-4ECF-B4CE-27A3195003CF}
		{34EC8352-A868-43CC-BD25-4BFA4DA1BE83} = {34EC8352-A868-43CC-BD25-4BFA4DA1BE83}
		{D2DA1904-C5D6-48D4-BC39-C6C9698725C7} = {D2DA1904-C5D6-48D4-BC39-C6C9698725C7}
		{16FC6BE3-C688-4FF0-9801-FB10B8E00194} = {16FC6BE3-C688-4FF0-9801-FB10B8E00194}
		{F2330FDD-A902-45B9-A8B8-3F8E9E689D3A} = {F2330FDD-A902-45B9-A8B8-3F8E9E689D3A}
		{2F76C36D-B717-42CE-9FFC-61DF2A28815D} = {2F76C36D-B717-42CE-9FFC-61DF2A28815D}
		{35B0A6AB-66A3-4AB7-89A3-A6B9BA38FF3A} = {35B0A6AB-66A3-4AB7-89A3-A6B9BA38FF3A}
		{29335FE2-E9F0-4CFD-BD9C-92A7BB187D70} = {29335FE2-E9F0-4CFD-BD9C-92A7BB187D70}
	EndProjectSection
EndProject
Project("{8BC9CEB8-8B4A-11D0-8D11-00A0C91BC942}") = "INSTALL", "INSTALL.vcproj", "{D7775B4E-EA57-4BB6-BF5E-D58D0724D0C5}"
	ProjectSection(ProjectDependencies) = postProject
		{53C8D33E-1A7E-4843-9D96-78249106EBCB} = {53C8D33E-1A7E-4843-9D96-78249106EBCB}
	EndProjectSection
EndProject
Project("{8BC9CEB8-8B4A-11D0-8D11-00A0C91BC942}") = "OgreMain", "OgreMain\OgreMain.vcproj", "{4F53C75C-2A0F-4445-BBA5-02BBD6DAF20A}"
	ProjectSection(ProjectDependencies) = postProject
	EndProjectSection
EndProject
Project("{8BC9CEB8-8B4A-11D0-8D11-00A0C91BC942}") = "OgreMeshUpgrader", "Tools\MeshUpgrader\OgreMeshUpgrader.vcproj", "{AA228A0D-F664-410B-81F0-4979E33BD564}"
	ProjectSection(ProjectDependencies) = postProject
		{4F53C75C-2A0F-4445-BBA5-02BBD6DAF20A} = {4F53C75C-2A0F-4445-BBA5-02BBD6DAF20A}
	EndProjectSection
EndProject
Project("{8BC9CEB8-8B4A-11D0-8D11-00A0C91BC942}") = "OgrePaging", "Components\Paging\OgrePaging.vcproj", "{2AD07E34-6F7A-42D0-B6AC-49DAFA7A2455}"
	ProjectSection(ProjectDependencies) = postProject
		{4F53C75C-2A0F-4445-BBA5-02BBD6DAF20A} = {4F53C75C-2A0F-4445-BBA5-02BBD6DAF20A}
	EndProjectSection
EndProject
Project("{8BC9CEB8-8B4A-11D0-8D11-00A0C91BC942}") = "OgreProperty", "Components\Property\OgreProperty.vcproj", "{EFD109F2-E202-4C43-88DA-B2DF7AE480A7}"
	ProjectSection(ProjectDependencies) = postProject
		{4F53C75C-2A0F-4445-BBA5-02BBD6DAF20A} = {4F53C75C-2A0F-4445-BBA5-02BBD6DAF20A}
	EndProjectSection
EndProject
Project("{8BC9CEB8-8B4A-11D0-8D11-00A0C91BC942}") = "OgreRTShaderSystem", "Components\RTShaderSystem\OgreRTShaderSystem.vcproj", "{B7DC40B1-8DB5-4B7E-B72F-F6FBE5712B36}"
	ProjectSection(ProjectDependencies) = postProject
		{4F53C75C-2A0F-4445-BBA5-02BBD6DAF20A} = {4F53C75C-2A0F-4445-BBA5-02BBD6DAF20A}
	EndProjectSection
EndProject
Project("{8BC9CEB8-8B4A-11D0-8D11-00A0C91BC942}") = "OgreTerrain", "Components\Terrain\OgreTerrain.vcproj", "{F1089D2E-6214-4438-BF6C-775743936E1A}"
	ProjectSection(ProjectDependencies) = postProject
		{4F53C75C-2A0F-4445-BBA5-02BBD6DAF20A} = {4F53C75C-2A0F-4445-BBA5-02BBD6DAF20A}
		{2AD07E34-6F7A-42D0-B6AC-49DAFA7A2455} = {2AD07E34-6F7A-42D0-B6AC-49DAFA7A2455}
	EndProjectSection
EndProject
Project("{8BC9CEB8-8B4A-11D0-8D11-00A0C91BC942}") = "OgreXMLConverter", "Tools\XMLConverter\OgreXMLConverter.vcproj", "{86ABCF8E-0BA2-4F7A-B7D6-A17A47ACDD01}"
	ProjectSection(ProjectDependencies) = postProject
		{4F53C75C-2A0F-4445-BBA5-02BBD6DAF20A} = {4F53C75C-2A0F-4445-BBA5-02BBD6DAF20A}
	EndProjectSection
EndProject
Project("{8BC9CEB8-8B4A-11D0-8D11-00A0C91BC942}") = "PACKAGE", "PACKAGE.vcproj", "{56AD3C9F-D5F1-4687-9B7D-00631941202C}"
	ProjectSection(ProjectDependencies) = postProject
		{53C8D33E-1A7E-4843-9D96-78249106EBCB} = {53C8D33E-1A7E-4843-9D96-78249106EBCB}
	EndProjectSection
EndProject
Project("{8BC9CEB8-8B4A-11D0-8D11-00A0C91BC942}") = "Plugin_BSPSceneManager", "PlugIns\BSPSceneManager\Plugin_BSPSceneManager.vcproj", "{4E552AB6-F07D-4ECB-855D-6CCB1F44BE69}"
	ProjectSection(ProjectDependencies) = postProject
		{4F53C75C-2A0F-4445-BBA5-02BBD6DAF20A} = {4F53C75C-2A0F-4445-BBA5-02BBD6DAF20A}
	EndProjectSection
EndProject
Project("{8BC9CEB8-8B4A-11D0-8D11-00A0C91BC942}") = "Plugin_CgProgramManager", "PlugIns\CgProgramManager\Plugin_CgProgramManager.vcproj", "{26EF00DB-72CE-4007-AEEE-36459410A4C2}"
	ProjectSection(ProjectDependencies) = postProject
		{4F53C75C-2A0F-4445-BBA5-02BBD6DAF20A} = {4F53C75C-2A0F-4445-BBA5-02BBD6DAF20A}
	EndProjectSection
EndProject
Project("{8BC9CEB8-8B4A-11D0-8D11-00A0C91BC942}") = "Plugin_OctreeSceneManager", "PlugIns\OctreeSceneManager\Plugin_OctreeSceneManager.vcproj", "{CE481589-FEFE-4551-B3F2-50F7BED32967}"
	ProjectSection(ProjectDependencies) = postProject
		{4F53C75C-2A0F-4445-BBA5-02BBD6DAF20A} = {4F53C75C-2A0F-4445-BBA5-02BBD6DAF20A}
	EndProjectSection
EndProject
Project("{8BC9CEB8-8B4A-11D0-8D11-00A0C91BC942}") = "Plugin_OctreeZone", "PlugIns\OctreeZone\Plugin_OctreeZone.vcproj", "{9EFA6CAC-8A84-408E-9038-A5547D1B365F}"
	ProjectSection(ProjectDependencies) = postProject
		{4F53C75C-2A0F-4445-BBA5-02BBD6DAF20A} = {4F53C75C-2A0F-4445-BBA5-02BBD6DAF20A}
		{093932DB-2BF0-48F7-936E-F3FAE3E6891C} = {093932DB-2BF0-48F7-936E-F3FAE3E6891C}
	EndProjectSection
EndProject
Project("{8BC9CEB8-8B4A-11D0-8D11-00A0C91BC942}") = "Plugin_PCZSceneManager", "PlugIns\PCZSceneManager\Plugin_PCZSceneManager.vcproj", "{093932DB-2BF0-48F7-936E-F3FAE3E6891C}"
	ProjectSection(ProjectDependencies) = postProject
		{4F53C75C-2A0F-4445-BBA5-02BBD6DAF20A} = {4F53C75C-2A0F-4445-BBA5-02BBD6DAF20A}
	EndProjectSection
EndProject
Project("{8BC9CEB8-8B4A-11D0-8D11-00A0C91BC942}") = "Plugin_ParticleFX", "PlugIns\ParticleFX\Plugin_ParticleFX.vcproj", "{AE818A30-9637-42A9-85F8-D3EED2C69B22}"
	ProjectSection(ProjectDependencies) = postProject
		{4F53C75C-2A0F-4445-BBA5-02BBD6DAF20A} = {4F53C75C-2A0F-4445-BBA5-02BBD6DAF20A}
	EndProjectSection
EndProject
Project("{8BC9CEB8-8B4A-11D0-8D11-00A0C91BC942}") = "RenderSystem_Direct3D9", "RenderSystems\Direct3D9\RenderSystem_Direct3D9.vcproj", "{8A01AE82-A202-431F-BD82-68306F31C83D}"
	ProjectSection(ProjectDependencies) = postProject
		{4F53C75C-2A0F-4445-BBA5-02BBD6DAF20A} = {4F53C75C-2A0F-4445-BBA5-02BBD6DAF20A}
	EndProjectSection
EndProject
Project("{8BC9CEB8-8B4A-11D0-8D11-00A0C91BC942}") = "RenderSystem_GL", "RenderSystems\GL\RenderSystem_GL.vcproj", "{1AD6ADD4-5B98-40E3-8904-8A89C942D32C}"
	ProjectSection(ProjectDependencies) = postProject
		{4F53C75C-2A0F-4445-BBA5-02BBD6DAF20A} = {4F53C75C-2A0F-4445-BBA5-02BBD6DAF20A}
	EndProjectSection
EndProject
Project("{8BC9CEB8-8B4A-11D0-8D11-00A0C91BC942}") = "SampleBrowser", "Samples\Browser\SampleBrowser.vcproj", "{0020075F-23E7-4990-BF6C-A47795644343}"
	ProjectSection(ProjectDependencies) = postProject
		{4F53C75C-2A0F-4445-BBA5-02BBD6DAF20A} = {4F53C75C-2A0F-4445-BBA5-02BBD6DAF20A}
		{B7DC40B1-8DB5-4B7E-B72F-F6FBE5712B36} = {B7DC40B1-8DB5-4B7E-B72F-F6FBE5712B36}
		{F1089D2E-6214-4438-BF6C-775743936E1A} = {F1089D2E-6214-4438-BF6C-775743936E1A}
		{4E552AB6-F07D-4ECB-855D-6CCB1F44BE69} = {4E552AB6-F07D-4ECB-855D-6CCB1F44BE69}
		{26EF00DB-72CE-4007-AEEE-36459410A4C2} = {26EF00DB-72CE-4007-AEEE-36459410A4C2}
		{CE481589-FEFE-4551-B3F2-50F7BED32967} = {CE481589-FEFE-4551-B3F2-50F7BED32967}
		{9EFA6CAC-8A84-408E-9038-A5547D1B365F} = {9EFA6CAC-8A84-408E-9038-A5547D1B365F}
		{093932DB-2BF0-48F7-936E-F3FAE3E6891C} = {093932DB-2BF0-48F7-936E-F3FAE3E6891C}
		{AE818A30-9637-42A9-85F8-D3EED2C69B22} = {AE818A30-9637-42A9-85F8-D3EED2C69B22}
		{8A01AE82-A202-431F-BD82-68306F31C83D} = {8A01AE82-A202-431F-BD82-68306F31C83D}
		{1AD6ADD4-5B98-40E3-8904-8A89C942D32C} = {1AD6ADD4-5B98-40E3-8904-8A89C942D32C}
		{D75ADDC3-45FE-41FB-B73E-A59CE6FFF272} = {D75ADDC3-45FE-41FB-B73E-A59CE6FFF272}
		{109D5772-C4B1-4A41-9E91-F3DED140871A} = {109D5772-C4B1-4A41-9E91-F3DED140871A}
		{AACEDDE5-A2C9-4546-85C4-94C28329A975} = {AACEDDE5-A2C9-4546-85C4-94C28329A975}
		{720DE31A-5BC3-4CB4-B3E2-9A8061F3809C} = {720DE31A-5BC3-4CB4-B3E2-9A8061F3809C}
		{05162887-9E11-4E4C-B510-3867B6A94907} = {05162887-9E11-4E4C-B510-3867B6A94907}
		{211F47F7-3511-4DBC-ABAB-047ABB0152F5} = {211F47F7-3511-4DBC-ABAB-047ABB0152F5}
		{FB80012D-BAE1-41D9-8455-6073E1085866} = {FB80012D-BAE1-41D9-8455-6073E1085866}
		{BE669165-8F38-4FC7-A6EB-7242F32DD5CB} = {BE669165-8F38-4FC7-A6EB-7242F32DD5CB}
		{551D8652-7FFB-41C6-919F-28D1CBECC97B} = {551D8652-7FFB-41C6-919F-28D1CBECC97B}
		{45901389-B8D6-41A1-AE4C-47C5C0DCBE84} = {45901389-B8D6-41A1-AE4C-47C5C0DCBE84}
		{C4028837-6AE9-4969-A146-FE8DF3EAD49E} = {C4028837-6AE9-4969-A146-FE8DF3EAD49E}
		{AE231043-4927-4C2A-AC5F-DF60273B0C79} = {AE231043-4927-4C2A-AC5F-DF60273B0C79}
		{50CBD56B-C6F5-4285-8A81-92B5B227DC11} = {50CBD56B-C6F5-4285-8A81-92B5B227DC11}
		{14B0FC90-4582-48B6-BC93-B1B79950E447} = {14B0FC90-4582-48B6-BC93-B1B79950E447}
		{C7A10B9B-BC76-484D-BA61-08393F27C05F} = {C7A10B9B-BC76-484D-BA61-08393F27C05F}
		{27B6803C-AC89-4904-94E9-C224EABFD22A} = {27B6803C-AC89-4904-94E9-C224EABFD22A}
		{CE1F5E0B-3A2C-4262-9848-36D9E543A8B5} = {CE1F5E0B-3A2C-4262-9848-36D9E543A8B5}
		{CB2B1926-966D-4AFA-A588-9FB04E54FF8C} = {CB2B1926-966D-4AFA-A588-9FB04E54FF8C}
		{AC17F4E5-FAD0-4A6D-85DB-188665F2491E} = {AC17F4E5-FAD0-4A6D-85DB-188665F2491E}
		{F6B2DFA3-8553-400F-8991-578C22D90F2A} = {F6B2DFA3-8553-400F-8991-578C22D90F2A}
		{B5AC404F-D215-4F29-94C0-9F10302F5655} = {B5AC404F-D215-4F29-94C0-9F10302F5655}
		{481B8F30-00A8-4A9D-BFD2-F6DAC2CC11C4} = {481B8F30-00A8-4A9D-BFD2-F6DAC2CC11C4}
		{3DB2FF88-696E-4777-9115-FB2C9E306527} = {3DB2FF88-696E-4777-9115-FB2C9E306527}
		{5E39C490-3D12-4FA9-A202-1D1C7A600C06} = {5E39C490-3D12-4FA9-A202-1D1C7A600C06}
		{A739E70A-0050-4187-A274-1B0D20ADA23F} = {A739E70A-0050-4187-A274-1B0D20ADA23F}
		{1E7AFF08-9E03-4C85-AF48-8D527C49291F} = {1E7AFF08-9E03-4C85-AF48-8D527C49291F}
		{442E595E-E4F4-4B9C-BB5F-D5695551C817} = {442E595E-E4F4-4B9C-BB5F-D5695551C817}
		{0BC438F6-E7D8-4334-853B-1A7019AD886A} = {0BC438F6-E7D8-4334-853B-1A7019AD886A}
		{B5E1F45A-699E-4ECF-B4CE-27A3195003CF} = {B5E1F45A-699E-4ECF-B4CE-27A3195003CF}
		{34EC8352-A868-43CC-BD25-4BFA4DA1BE83} = {34EC8352-A868-43CC-BD25-4BFA4DA1BE83}
		{D2DA1904-C5D6-48D4-BC39-C6C9698725C7} = {D2DA1904-C5D6-48D4-BC39-C6C9698725C7}
		{16FC6BE3-C688-4FF0-9801-FB10B8E00194} = {16FC6BE3-C688-4FF0-9801-FB10B8E00194}
		{F2330FDD-A902-45B9-A8B8-3F8E9E689D3A} = {F2330FDD-A902-45B9-A8B8-3F8E9E689D3A}
		{2F76C36D-B717-42CE-9FFC-61DF2A28815D} = {2F76C36D-B717-42CE-9FFC-61DF2A28815D}
		{35B0A6AB-66A3-4AB7-89A3-A6B9BA38FF3A} = {35B0A6AB-66A3-4AB7-89A3-A6B9BA38FF3A}
		{29335FE2-E9F0-4CFD-BD9C-92A7BB187D70} = {29335FE2-E9F0-4CFD-BD9C-92A7BB187D70}
	EndProjectSection
EndProject
Project("{8BC9CEB8-8B4A-11D0-8D11-00A0C91BC942}") = "Sample_BSP", "Samples\BSP\Sample_BSP.vcproj", "{D75ADDC3-45FE-41FB-B73E-A59CE6FFF272}"
	ProjectSection(ProjectDependencies) = postProject
		{4F53C75C-2A0F-4445-BBA5-02BBD6DAF20A} = {4F53C75C-2A0F-4445-BBA5-02BBD6DAF20A}
		{B7DC40B1-8DB5-4B7E-B72F-F6FBE5712B36} = {B7DC40B1-8DB5-4B7E-B72F-F6FBE5712B36}
	EndProjectSection
EndProject
Project("{8BC9CEB8-8B4A-11D0-8D11-00A0C91BC942}") = "Sample_BezierPatch", "Samples\BezierPatch\Sample_BezierPatch.vcproj", "{109D5772-C4B1-4A41-9E91-F3DED140871A}"
	ProjectSection(ProjectDependencies) = postProject
		{4F53C75C-2A0F-4445-BBA5-02BBD6DAF20A} = {4F53C75C-2A0F-4445-BBA5-02BBD6DAF20A}
		{B7DC40B1-8DB5-4B7E-B72F-F6FBE5712B36} = {B7DC40B1-8DB5-4B7E-B72F-F6FBE5712B36}
	EndProjectSection
EndProject
Project("{8BC9CEB8-8B4A-11D0-8D11-00A0C91BC942}") = "Sample_CameraTrack", "Samples\CameraTrack\Sample_CameraTrack.vcproj", "{AACEDDE5-A2C9-4546-85C4-94C28329A975}"
	ProjectSection(ProjectDependencies) = postProject
		{4F53C75C-2A0F-4445-BBA5-02BBD6DAF20A} = {4F53C75C-2A0F-4445-BBA5-02BBD6DAF20A}
		{B7DC40B1-8DB5-4B7E-B72F-F6FBE5712B36} = {B7DC40B1-8DB5-4B7E-B72F-F6FBE5712B36}
	EndProjectSection
EndProject
Project("{8BC9CEB8-8B4A-11D0-8D11-00A0C91BC942}") = "Sample_CelShading", "Samples\CelShading\Sample_CelShading.vcproj", "{720DE31A-5BC3-4CB4-B3E2-9A8061F3809C}"
	ProjectSection(ProjectDependencies) = postProject
		{4F53C75C-2A0F-4445-BBA5-02BBD6DAF20A} = {4F53C75C-2A0F-4445-BBA5-02BBD6DAF20A}
		{B7DC40B1-8DB5-4B7E-B72F-F6FBE5712B36} = {B7DC40B1-8DB5-4B7E-B72F-F6FBE5712B36}
	EndProjectSection
EndProject
Project("{8BC9CEB8-8B4A-11D0-8D11-00A0C91BC942}") = "Sample_Character", "Samples\Character\Sample_Character.vcproj", "{05162887-9E11-4E4C-B510-3867B6A94907}"
	ProjectSection(ProjectDependencies) = postProject
		{4F53C75C-2A0F-4445-BBA5-02BBD6DAF20A} = {4F53C75C-2A0F-4445-BBA5-02BBD6DAF20A}
		{B7DC40B1-8DB5-4B7E-B72F-F6FBE5712B36} = {B7DC40B1-8DB5-4B7E-B72F-F6FBE5712B36}
	EndProjectSection
EndProject
Project("{8BC9CEB8-8B4A-11D0-8D11-00A0C91BC942}") = "Sample_Compositor", "Samples\Compositor\Sample_Compositor.vcproj", "{211F47F7-3511-4DBC-ABAB-047ABB0152F5}"
	ProjectSection(ProjectDependencies) = postProject
		{4F53C75C-2A0F-4445-BBA5-02BBD6DAF20A} = {4F53C75C-2A0F-4445-BBA5-02BBD6DAF20A}
		{B7DC40B1-8DB5-4B7E-B72F-F6FBE5712B36} = {B7DC40B1-8DB5-4B7E-B72F-F6FBE5712B36}
	EndProjectSection
EndProject
Project("{8BC9CEB8-8B4A-11D0-8D11-00A0C91BC942}") = "Sample_CubeMapping", "Samples\CubeMapping\Sample_CubeMapping.vcproj", "{FB80012D-BAE1-41D9-8455-6073E1085866}"
	ProjectSection(ProjectDependencies) = postProject
		{4F53C75C-2A0F-4445-BBA5-02BBD6DAF20A} = {4F53C75C-2A0F-4445-BBA5-02BBD6DAF20A}
		{B7DC40B1-8DB5-4B7E-B72F-F6FBE5712B36} = {B7DC40B1-8DB5-4B7E-B72F-F6FBE5712B36}
	EndProjectSection
EndProject
Project("{8BC9CEB8-8B4A-11D0-8D11-00A0C91BC942}") = "Sample_DeferredShading", "Samples\DeferredShading\Sample_DeferredShading.vcproj", "{BE669165-8F38-4FC7-A6EB-7242F32DD5CB}"
	ProjectSection(ProjectDependencies) = postProject
		{4F53C75C-2A0F-4445-BBA5-02BBD6DAF20A} = {4F53C75C-2A0F-4445-BBA5-02BBD6DAF20A}
		{B7DC40B1-8DB5-4B7E-B72F-F6FBE5712B36} = {B7DC40B1-8DB5-4B7E-B72F-F6FBE5712B36}
	EndProjectSection
EndProject
Project("{8BC9CEB8-8B4A-11D0-8D11-00A0C91BC942}") = "Sample_Dot3Bump", "Samples\Dot3Bump\Sample_Dot3Bump.vcproj", "{551D8652-7FFB-41C6-919F-28D1CBECC97B}"
	ProjectSection(ProjectDependencies) = postProject
		{4F53C75C-2A0F-4445-BBA5-02BBD6DAF20A} = {4F53C75C-2A0F-4445-BBA5-02BBD6DAF20A}
		{B7DC40B1-8DB5-4B7E-B72F-F6FBE5712B36} = {B7DC40B1-8DB5-4B7E-B72F-F6FBE5712B36}
	EndProjectSection
EndProject
Project("{8BC9CEB8-8B4A-11D0-8D11-00A0C91BC942}") = "Sample_DualQuaternion", "Samples\DualQuaternion\Sample_DualQuaternion.vcproj", "{45901389-B8D6-41A1-AE4C-47C5C0DCBE84}"
	ProjectSection(ProjectDependencies) = postProject
		{4F53C75C-2A0F-4445-BBA5-02BBD6DAF20A} = {4F53C75C-2A0F-4445-BBA5-02BBD6DAF20A}
		{B7DC40B1-8DB5-4B7E-B72F-F6FBE5712B36} = {B7DC40B1-8DB5-4B7E-B72F-F6FBE5712B36}
	EndProjectSection
EndProject
Project("{8BC9CEB8-8B4A-11D0-8D11-00A0C91BC942}") = "Sample_DynTex", "Samples\DynTex\Sample_DynTex.vcproj", "{C4028837-6AE9-4969-A146-FE8DF3EAD49E}"
	ProjectSection(ProjectDependencies) = postProject
		{4F53C75C-2A0F-4445-BBA5-02BBD6DAF20A} = {4F53C75C-2A0F-4445-BBA5-02BBD6DAF20A}
		{B7DC40B1-8DB5-4B7E-B72F-F6FBE5712B36} = {B7DC40B1-8DB5-4B7E-B72F-F6FBE5712B36}
	EndProjectSection
EndProject
Project("{8BC9CEB8-8B4A-11D0-8D11-00A0C91BC942}") = "Sample_FacialAnimation", "Samples\FacialAnimation\Sample_FacialAnimation.vcproj", "{AE231043-4927-4C2A-AC5F-DF60273B0C79}"
	ProjectSection(ProjectDependencies) = postProject
		{4F53C75C-2A0F-4445-BBA5-02BBD6DAF20A} = {4F53C75C-2A0F-4445-BBA5-02BBD6DAF20A}
		{B7DC40B1-8DB5-4B7E-B72F-F6FBE5712B36} = {B7DC40B1-8DB5-4B7E-B72F-F6FBE5712B36}
	EndProjectSection
EndProject
Project("{8BC9CEB8-8B4A-11D0-8D11-00A0C91BC942}") = "Sample_Fresnel", "Samples\Fresnel\Sample_Fresnel.vcproj", "{50CBD56B-C6F5-4285-8A81-92B5B227DC11}"
	ProjectSection(ProjectDependencies) = postProject
		{4F53C75C-2A0F-4445-BBA5-02BBD6DAF20A} = {4F53C75C-2A0F-4445-BBA5-02BBD6DAF20A}
		{B7DC40B1-8DB5-4B7E-B72F-F6FBE5712B36} = {B7DC40B1-8DB5-4B7E-B72F-F6FBE5712B36}
	EndProjectSection
EndProject
Project("{8BC9CEB8-8B4A-11D0-8D11-00A0C91BC942}") = "Sample_Grass", "Samples\Grass\Sample_Grass.vcproj", "{14B0FC90-4582-48B6-BC93-B1B79950E447}"
	ProjectSection(ProjectDependencies) = postProject
		{4F53C75C-2A0F-4445-BBA5-02BBD6DAF20A} = {4F53C75C-2A0F-4445-BBA5-02BBD6DAF20A}
		{B7DC40B1-8DB5-4B7E-B72F-F6FBE5712B36} = {B7DC40B1-8DB5-4B7E-B72F-F6FBE5712B36}
	EndProjectSection
EndProject
Project("{8BC9CEB8-8B4A-11D0-8D11-00A0C91BC942}") = "Sample_Instancing", "Samples\Instancing\Sample_Instancing.vcproj", "{C7A10B9B-BC76-484D-BA61-08393F27C05F}"
	ProjectSection(ProjectDependencies) = postProject
		{4F53C75C-2A0F-4445-BBA5-02BBD6DAF20A} = {4F53C75C-2A0F-4445-BBA5-02BBD6DAF20A}
		{B7DC40B1-8DB5-4B7E-B72F-F6FBE5712B36} = {B7DC40B1-8DB5-4B7E-B72F-F6FBE5712B36}
	EndProjectSection
EndProject
Project("{8BC9CEB8-8B4A-11D0-8D11-00A0C91BC942}") = "Sample_Isosurf", "Samples\Isosurf\Sample_Isosurf.vcproj", "{27B6803C-AC89-4904-94E9-C224EABFD22A}"
	ProjectSection(ProjectDependencies) = postProject
		{4F53C75C-2A0F-4445-BBA5-02BBD6DAF20A} = {4F53C75C-2A0F-4445-BBA5-02BBD6DAF20A}
		{B7DC40B1-8DB5-4B7E-B72F-F6FBE5712B36} = {B7DC40B1-8DB5-4B7E-B72F-F6FBE5712B36}
	EndProjectSection
EndProject
Project("{8BC9CEB8-8B4A-11D0-8D11-00A0C91BC942}") = "Sample_Lighting", "Samples\Lighting\Sample_Lighting.vcproj", "{CE1F5E0B-3A2C-4262-9848-36D9E543A8B5}"
	ProjectSection(ProjectDependencies) = postProject
		{4F53C75C-2A0F-4445-BBA5-02BBD6DAF20A} = {4F53C75C-2A0F-4445-BBA5-02BBD6DAF20A}
		{B7DC40B1-8DB5-4B7E-B72F-F6FBE5712B36} = {B7DC40B1-8DB5-4B7E-B72F-F6FBE5712B36}
	EndProjectSection
EndProject
Project("{8BC9CEB8-8B4A-11D0-8D11-00A0C91BC942}") = "Sample_NewInstancing", "Samples\NewInstancing\Sample_NewInstancing.vcproj", "{CB2B1926-966D-4AFA-A588-9FB04E54FF8C}"
	ProjectSection(ProjectDependencies) = postProject
		{4F53C75C-2A0F-4445-BBA5-02BBD6DAF20A} = {4F53C75C-2A0F-4445-BBA5-02BBD6DAF20A}
		{B7DC40B1-8DB5-4B7E-B72F-F6FBE5712B36} = {B7DC40B1-8DB5-4B7E-B72F-F6FBE5712B36}
	EndProjectSection
EndProject
Project("{8BC9CEB8-8B4A-11D0-8D11-00A0C91BC942}") = "Sample_Ocean", "Samples\OceanDemo\Sample_Ocean.vcproj", "{AC17F4E5-FAD0-4A6D-85DB-188665F2491E}"
	ProjectSection(ProjectDependencies) = postProject
		{4F53C75C-2A0F-4445-BBA5-02BBD6DAF20A} = {4F53C75C-2A0F-4445-BBA5-02BBD6DAF20A}
		{B7DC40B1-8DB5-4B7E-B72F-F6FBE5712B36} = {B7DC40B1-8DB5-4B7E-B72F-F6FBE5712B36}
	EndProjectSection
EndProject
Project("{8BC9CEB8-8B4A-11D0-8D11-00A0C91BC942}") = "Sample_ParticleFX", "Samples\ParticleFX\Sample_ParticleFX.vcproj", "{F6B2DFA3-8553-400F-8991-578C22D90F2A}"
	ProjectSection(ProjectDependencies) = postProject
		{4F53C75C-2A0F-4445-BBA5-02BBD6DAF20A} = {4F53C75C-2A0F-4445-BBA5-02BBD6DAF20A}
		{B7DC40B1-8DB5-4B7E-B72F-F6FBE5712B36} = {B7DC40B1-8DB5-4B7E-B72F-F6FBE5712B36}
	EndProjectSection
EndProject
Project("{8BC9CEB8-8B4A-11D0-8D11-00A0C91BC942}") = "Sample_ParticleGS", "Samples\ParticleGS\Sample_ParticleGS.vcproj", "{B5AC404F-D215-4F29-94C0-9F10302F5655}"
	ProjectSection(ProjectDependencies) = postProject
		{4F53C75C-2A0F-4445-BBA5-02BBD6DAF20A} = {4F53C75C-2A0F-4445-BBA5-02BBD6DAF20A}
		{B7DC40B1-8DB5-4B7E-B72F-F6FBE5712B36} = {B7DC40B1-8DB5-4B7E-B72F-F6FBE5712B36}
	EndProjectSection
EndProject
Project("{8BC9CEB8-8B4A-11D0-8D11-00A0C91BC942}") = "Sample_SSAO", "Samples\SSAO\Sample_SSAO.vcproj", "{481B8F30-00A8-4A9D-BFD2-F6DAC2CC11C4}"
	ProjectSection(ProjectDependencies) = postProject
		{4F53C75C-2A0F-4445-BBA5-02BBD6DAF20A} = {4F53C75C-2A0F-4445-BBA5-02BBD6DAF20A}
		{B7DC40B1-8DB5-4B7E-B72F-F6FBE5712B36} = {B7DC40B1-8DB5-4B7E-B72F-F6FBE5712B36}
	EndProjectSection
EndProject
Project("{8BC9CEB8-8B4A-11D0-8D11-00A0C91BC942}") = "Sample_ShaderSystem", "Samples\ShaderSystem\Sample_ShaderSystem.vcproj", "{3DB2FF88-696E-4777-9115-FB2C9E306527}"
	ProjectSection(ProjectDependencies) = postProject
		{4F53C75C-2A0F-4445-BBA5-02BBD6DAF20A} = {4F53C75C-2A0F-4445-BBA5-02BBD6DAF20A}
		{B7DC40B1-8DB5-4B7E-B72F-F6FBE5712B36} = {B7DC40B1-8DB5-4B7E-B72F-F6FBE5712B36}
	EndProjectSection
EndProject
Project("{8BC9CEB8-8B4A-11D0-8D11-00A0C91BC942}") = "Sample_Shadows", "Samples\Shadows\Sample_Shadows.vcproj", "{5E39C490-3D12-4FA9-A202-1D1C7A600C06}"
	ProjectSection(ProjectDependencies) = postProject
		{4F53C75C-2A0F-4445-BBA5-02BBD6DAF20A} = {4F53C75C-2A0F-4445-BBA5-02BBD6DAF20A}
		{B7DC40B1-8DB5-4B7E-B72F-F6FBE5712B36} = {B7DC40B1-8DB5-4B7E-B72F-F6FBE5712B36}
	EndProjectSection
EndProject
Project("{8BC9CEB8-8B4A-11D0-8D11-00A0C91BC942}") = "Sample_SkeletalAnimation", "Samples\SkeletalAnimation\Sample_SkeletalAnimation.vcproj", "{A739E70A-0050-4187-A274-1B0D20ADA23F}"
	ProjectSection(ProjectDependencies) = postProject
		{4F53C75C-2A0F-4445-BBA5-02BBD6DAF20A} = {4F53C75C-2A0F-4445-BBA5-02BBD6DAF20A}
		{B7DC40B1-8DB5-4B7E-B72F-F6FBE5712B36} = {B7DC40B1-8DB5-4B7E-B72F-F6FBE5712B36}
	EndProjectSection
EndProject
Project("{8BC9CEB8-8B4A-11D0-8D11-00A0C91BC942}") = "Sample_SkyBox", "Samples\SkyBox\Sample_SkyBox.vcproj", "{1E7AFF08-9E03-4C85-AF48-8D527C49291F}"
	ProjectSection(ProjectDependencies) = postProject
		{4F53C75C-2A0F-4445-BBA5-02BBD6DAF20A} = {4F53C75C-2A0F-4445-BBA5-02BBD6DAF20A}
		{B7DC40B1-8DB5-4B7E-B72F-F6FBE5712B36} = {B7DC40B1-8DB5-4B7E-B72F-F6FBE5712B36}
	EndProjectSection
EndProject
Project("{8BC9CEB8-8B4A-11D0-8D11-00A0C91BC942}") = "Sample_SkyDome", "Samples\SkyDome\Sample_SkyDome.vcproj", "{442E595E-E4F4-4B9C-BB5F-D5695551C817}"
	ProjectSection(ProjectDependencies) = postProject
		{4F53C75C-2A0F-4445-BBA5-02BBD6DAF20A} = {4F53C75C-2A0F-4445-BBA5-02BBD6DAF20A}
		{B7DC40B1-8DB5-4B7E-B72F-F6FBE5712B36} = {B7DC40B1-8DB5-4B7E-B72F-F6FBE5712B36}
	EndProjectSection
EndProject
Project("{8BC9CEB8-8B4A-11D0-8D11-00A0C91BC942}") = "Sample_SkyPlane", "Samples\SkyPlane\Sample_SkyPlane.vcproj", "{0BC438F6-E7D8-4334-853B-1A7019AD886A}"
	ProjectSection(ProjectDependencies) = postProject
		{4F53C75C-2A0F-4445-BBA5-02BBD6DAF20A} = {4F53C75C-2A0F-4445-BBA5-02BBD6DAF20A}
		{B7DC40B1-8DB5-4B7E-B72F-F6FBE5712B36} = {B7DC40B1-8DB5-4B7E-B72F-F6FBE5712B36}
	EndProjectSection
EndProject
Project("{8BC9CEB8-8B4A-11D0-8D11-00A0C91BC942}") = "Sample_Smoke", "Samples\Smoke\Sample_Smoke.vcproj", "{B5E1F45A-699E-4ECF-B4CE-27A3195003CF}"
	ProjectSection(ProjectDependencies) = postProject
		{4F53C75C-2A0F-4445-BBA5-02BBD6DAF20A} = {4F53C75C-2A0F-4445-BBA5-02BBD6DAF20A}
		{B7DC40B1-8DB5-4B7E-B72F-F6FBE5712B36} = {B7DC40B1-8DB5-4B7E-B72F-F6FBE5712B36}
	EndProjectSection
EndProject
Project("{8BC9CEB8-8B4A-11D0-8D11-00A0C91BC942}") = "Sample_SphereMapping", "Samples\SphereMapping\Sample_SphereMapping.vcproj", "{34EC8352-A868-43CC-BD25-4BFA4DA1BE83}"
	ProjectSection(ProjectDependencies) = postProject
		{4F53C75C-2A0F-4445-BBA5-02BBD6DAF20A} = {4F53C75C-2A0F-4445-BBA5-02BBD6DAF20A}
		{B7DC40B1-8DB5-4B7E-B72F-F6FBE5712B36} = {B7DC40B1-8DB5-4B7E-B72F-F6FBE5712B36}
	EndProjectSection
EndProject
Project("{8BC9CEB8-8B4A-11D0-8D11-00A0C91BC942}") = "Sample_Terrain", "Samples\Terrain\Sample_Terrain.vcproj", "{D2DA1904-C5D6-48D4-BC39-C6C9698725C7}"
	ProjectSection(ProjectDependencies) = postProject
		{4F53C75C-2A0F-4445-BBA5-02BBD6DAF20A} = {4F53C75C-2A0F-4445-BBA5-02BBD6DAF20A}
		{2AD07E34-6F7A-42D0-B6AC-49DAFA7A2455} = {2AD07E34-6F7A-42D0-B6AC-49DAFA7A2455}
		{B7DC40B1-8DB5-4B7E-B72F-F6FBE5712B36} = {B7DC40B1-8DB5-4B7E-B72F-F6FBE5712B36}
		{F1089D2E-6214-4438-BF6C-775743936E1A} = {F1089D2E-6214-4438-BF6C-775743936E1A}
	EndProjectSection
EndProject
Project("{8BC9CEB8-8B4A-11D0-8D11-00A0C91BC942}") = "Sample_TextureArray", "Samples\TextureArray\Sample_TextureArray.vcproj", "{16FC6BE3-C688-4FF0-9801-FB10B8E00194}"
	ProjectSection(ProjectDependencies) = postProject
		{4F53C75C-2A0F-4445-BBA5-02BBD6DAF20A} = {4F53C75C-2A0F-4445-BBA5-02BBD6DAF20A}
		{B7DC40B1-8DB5-4B7E-B72F-F6FBE5712B36} = {B7DC40B1-8DB5-4B7E-B72F-F6FBE5712B36}
	EndProjectSection
EndProject
Project("{8BC9CEB8-8B4A-11D0-8D11-00A0C91BC942}") = "Sample_TextureFX", "Samples\TextureFX\Sample_TextureFX.vcproj", "{F2330FDD-A902-45B9-A8B8-3F8E9E689D3A}"
	ProjectSection(ProjectDependencies) = postProject
		{4F53C75C-2A0F-4445-BBA5-02BBD6DAF20A} = {4F53C75C-2A0F-4445-BBA5-02BBD6DAF20A}
		{B7DC40B1-8DB5-4B7E-B72F-F6FBE5712B36} = {B7DC40B1-8DB5-4B7E-B72F-F6FBE5712B36}
	EndProjectSection
EndProject
Project("{8BC9CEB8-8B4A-11D0-8D11-00A0C91BC942}") = "Sample_Transparency", "Samples\Transparency\Sample_Transparency.vcproj", "{2F76C36D-B717-42CE-9FFC-61DF2A28815D}"
	ProjectSection(ProjectDependencies) = postProject
		{4F53C75C-2A0F-4445-BBA5-02BBD6DAF20A} = {4F53C75C-2A0F-4445-BBA5-02BBD6DAF20A}
		{B7DC40B1-8DB5-4B7E-B72F-F6FBE5712B36} = {B7DC40B1-8DB5-4B7E-B72F-F6FBE5712B36}
	EndProjectSection
EndProject
Project("{8BC9CEB8-8B4A-11D0-8D11-00A0C91BC942}") = "Sample_VolumeTex", "Samples\VolumeTex\Sample_VolumeTex.vcproj", "{35B0A6AB-66A3-4AB7-89A3-A6B9BA38FF3A}"
	ProjectSection(ProjectDependencies) = postProject
		{4F53C75C-2A0F-4445-BBA5-02BBD6DAF20A} = {4F53C75C-2A0F-4445-BBA5-02BBD6DAF20A}
		{B7DC40B1-8DB5-4B7E-B72F-F6FBE5712B36} = {B7DC40B1-8DB5-4B7E-B72F-F6FBE5712B36}
	EndProjectSection
EndProject
Project("{8BC9CEB8-8B4A-11D0-8D11-00A0C91BC942}") = "Sample_Water", "Samples\Water\Sample_Water.vcproj", "{29335FE2-E9F0-4CFD-BD9C-92A7BB187D70}"
	ProjectSection(ProjectDependencies) = postProject
		{4F53C75C-2A0F-4445-BBA5-02BBD6DAF20A} = {4F53C75C-2A0F-4445-BBA5-02BBD6DAF20A}
		{B7DC40B1-8DB5-4B7E-B72F-F6FBE5712B36} = {B7DC40B1-8DB5-4B7E-B72F-F6FBE5712B36}
	EndProjectSection
EndProject
Global
	GlobalSection(SolutionConfigurationPlatforms) = preSolution
		Debug|Win32 = Debug|Win32
		Release|Win32 = Release|Win32
		MinSizeRel|Win32 = MinSizeRel|Win32
		RelWithDebInfo|Win32 = RelWithDebInfo|Win32
	EndGlobalSection
	GlobalSection(ProjectConfigurationPlatforms) = postSolution
		{53C8D33E-1A7E-4843-9D96-78249106EBCB}.Debug|Win32.ActiveCfg = Debug|Win32
		{53C8D33E-1A7E-4843-9D96-78249106EBCB}.Debug|Win32.Build.0 = Debug|Win32
		{53C8D33E-1A7E-4843-9D96-78249106EBCB}.Release|Win32.ActiveCfg = Release|Win32
		{53C8D33E-1A7E-4843-9D96-78249106EBCB}.Release|Win32.Build.0 = Release|Win32
		{53C8D33E-1A7E-4843-9D96-78249106EBCB}.MinSizeRel|Win32.ActiveCfg = MinSizeRel|Win32
		{53C8D33E-1A7E-4843-9D96-78249106EBCB}.MinSizeRel|Win32.Build.0 = MinSizeRel|Win32
		{53C8D33E-1A7E-4843-9D96-78249106EBCB}.RelWithDebInfo|Win32.ActiveCfg = RelWithDebInfo|Win32
		{53C8D33E-1A7E-4843-9D96-78249106EBCB}.RelWithDebInfo|Win32.Build.0 = RelWithDebInfo|Win32
		{D7775B4E-EA57-4BB6-BF5E-D58D0724D0C5}.Debug|Win32.ActiveCfg = Debug|Win32
		{D7775B4E-EA57-4BB6-BF5E-D58D0724D0C5}.Release|Win32.ActiveCfg = Release|Win32
		{D7775B4E-EA57-4BB6-BF5E-D58D0724D0C5}.MinSizeRel|Win32.ActiveCfg = MinSizeRel|Win32
		{D7775B4E-EA57-4BB6-BF5E-D58D0724D0C5}.RelWithDebInfo|Win32.ActiveCfg = RelWithDebInfo|Win32
		{4F53C75C-2A0F-4445-BBA5-02BBD6DAF20A}.Debug|Win32.ActiveCfg = Debug|Win32
		{4F53C75C-2A0F-4445-BBA5-02BBD6DAF20A}.Debug|Win32.Build.0 = Debug|Win32
		{4F53C75C-2A0F-4445-BBA5-02BBD6DAF20A}.Release|Win32.ActiveCfg = Release|Win32
		{4F53C75C-2A0F-4445-BBA5-02BBD6DAF20A}.Release|Win32.Build.0 = Release|Win32
		{4F53C75C-2A0F-4445-BBA5-02BBD6DAF20A}.MinSizeRel|Win32.ActiveCfg = MinSizeRel|Win32
		{4F53C75C-2A0F-4445-BBA5-02BBD6DAF20A}.MinSizeRel|Win32.Build.0 = MinSizeRel|Win32
		{4F53C75C-2A0F-4445-BBA5-02BBD6DAF20A}.RelWithDebInfo|Win32.ActiveCfg = RelWithDebInfo|Win32
		{4F53C75C-2A0F-4445-BBA5-02BBD6DAF20A}.RelWithDebInfo|Win32.Build.0 = RelWithDebInfo|Win32
		{AA228A0D-F664-410B-81F0-4979E33BD564}.Debug|Win32.ActiveCfg = Debug|Win32
		{AA228A0D-F664-410B-81F0-4979E33BD564}.Debug|Win32.Build.0 = Debug|Win32
		{AA228A0D-F664-410B-81F0-4979E33BD564}.Release|Win32.ActiveCfg = Release|Win32
		{AA228A0D-F664-410B-81F0-4979E33BD564}.Release|Win32.Build.0 = Release|Win32
		{AA228A0D-F664-410B-81F0-4979E33BD564}.MinSizeRel|Win32.ActiveCfg = MinSizeRel|Win32
		{AA228A0D-F664-410B-81F0-4979E33BD564}.MinSizeRel|Win32.Build.0 = MinSizeRel|Win32
		{AA228A0D-F664-410B-81F0-4979E33BD564}.RelWithDebInfo|Win32.ActiveCfg = RelWithDebInfo|Win32
		{AA228A0D-F664-410B-81F0-4979E33BD564}.RelWithDebInfo|Win32.Build.0 = RelWithDebInfo|Win32
		{2AD07E34-6F7A-42D0-B6AC-49DAFA7A2455}.Debug|Win32.ActiveCfg = Debug|Win32
		{2AD07E34-6F7A-42D0-B6AC-49DAFA7A2455}.Debug|Win32.Build.0 = Debug|Win32
		{2AD07E34-6F7A-42D0-B6AC-49DAFA7A2455}.Release|Win32.ActiveCfg = Release|Win32
		{2AD07E34-6F7A-42D0-B6AC-49DAFA7A2455}.Release|Win32.Build.0 = Release|Win32
		{2AD07E34-6F7A-42D0-B6AC-49DAFA7A2455}.MinSizeRel|Win32.ActiveCfg = MinSizeRel|Win32
		{2AD07E34-6F7A-42D0-B6AC-49DAFA7A2455}.MinSizeRel|Win32.Build.0 = MinSizeRel|Win32
		{2AD07E34-6F7A-42D0-B6AC-49DAFA7A2455}.RelWithDebInfo|Win32.ActiveCfg = RelWithDebInfo|Win32
		{2AD07E34-6F7A-42D0-B6AC-49DAFA7A2455}.RelWithDebInfo|Win32.Build.0 = RelWithDebInfo|Win32
		{EFD109F2-E202-4C43-88DA-B2DF7AE480A7}.Debug|Win32.ActiveCfg = Debug|Win32
		{EFD109F2-E202-4C43-88DA-B2DF7AE480A7}.Debug|Win32.Build.0 = Debug|Win32
		{EFD109F2-E202-4C43-88DA-B2DF7AE480A7}.Release|Win32.ActiveCfg = Release|Win32
		{EFD109F2-E202-4C43-88DA-B2DF7AE480A7}.Release|Win32.Build.0 = Release|Win32
		{EFD109F2-E202-4C43-88DA-B2DF7AE480A7}.MinSizeRel|Win32.ActiveCfg = MinSizeRel|Win32
		{EFD109F2-E202-4C43-88DA-B2DF7AE480A7}.MinSizeRel|Win32.Build.0 = MinSizeRel|Win32
		{EFD109F2-E202-4C43-88DA-B2DF7AE480A7}.RelWithDebInfo|Win32.ActiveCfg = RelWithDebInfo|Win32
		{EFD109F2-E202-4C43-88DA-B2DF7AE480A7}.RelWithDebInfo|Win32.Build.0 = RelWithDebInfo|Win32
		{B7DC40B1-8DB5-4B7E-B72F-F6FBE5712B36}.Debug|Win32.ActiveCfg = Debug|Win32
		{B7DC40B1-8DB5-4B7E-B72F-F6FBE5712B36}.Debug|Win32.Build.0 = Debug|Win32
		{B7DC40B1-8DB5-4B7E-B72F-F6FBE5712B36}.Release|Win32.ActiveCfg = Release|Win32
		{B7DC40B1-8DB5-4B7E-B72F-F6FBE5712B36}.Release|Win32.Build.0 = Release|Win32
		{B7DC40B1-8DB5-4B7E-B72F-F6FBE5712B36}.MinSizeRel|Win32.ActiveCfg = MinSizeRel|Win32
		{B7DC40B1-8DB5-4B7E-B72F-F6FBE5712B36}.MinSizeRel|Win32.Build.0 = MinSizeRel|Win32
		{B7DC40B1-8DB5-4B7E-B72F-F6FBE5712B36}.RelWithDebInfo|Win32.ActiveCfg = RelWithDebInfo|Win32
		{B7DC40B1-8DB5-4B7E-B72F-F6FBE5712B36}.RelWithDebInfo|Win32.Build.0 = RelWithDebInfo|Win32
		{F1089D2E-6214-4438-BF6C-775743936E1A}.Debug|Win32.ActiveCfg = Debug|Win32
		{F1089D2E-6214-4438-BF6C-775743936E1A}.Debug|Win32.Build.0 = Debug|Win32
		{F1089D2E-6214-4438-BF6C-775743936E1A}.Release|Win32.ActiveCfg = Release|Win32
		{F1089D2E-6214-4438-BF6C-775743936E1A}.Release|Win32.Build.0 = Release|Win32
		{F1089D2E-6214-4438-BF6C-775743936E1A}.MinSizeRel|Win32.ActiveCfg = MinSizeRel|Win32
		{F1089D2E-6214-4438-BF6C-775743936E1A}.MinSizeRel|Win32.Build.0 = MinSizeRel|Win32
		{F1089D2E-6214-4438-BF6C-775743936E1A}.RelWithDebInfo|Win32.ActiveCfg = RelWithDebInfo|Win32
		{F1089D2E-6214-4438-BF6C-775743936E1A}.RelWithDebInfo|Win32.Build.0 = RelWithDebInfo|Win32
		{86ABCF8E-0BA2-4F7A-B7D6-A17A47ACDD01}.Debug|Win32.ActiveCfg = Debug|Win32
		{86ABCF8E-0BA2-4F7A-B7D6-A17A47ACDD01}.Debug|Win32.Build.0 = Debug|Win32
		{86ABCF8E-0BA2-4F7A-B7D6-A17A47ACDD01}.Release|Win32.ActiveCfg = Release|Win32
		{86ABCF8E-0BA2-4F7A-B7D6-A17A47ACDD01}.Release|Win32.Build.0 = Release|Win32
		{86ABCF8E-0BA2-4F7A-B7D6-A17A47ACDD01}.MinSizeRel|Win32.ActiveCfg = MinSizeRel|Win32
		{86ABCF8E-0BA2-4F7A-B7D6-A17A47ACDD01}.MinSizeRel|Win32.Build.0 = MinSizeRel|Win32
		{86ABCF8E-0BA2-4F7A-B7D6-A17A47ACDD01}.RelWithDebInfo|Win32.ActiveCfg = RelWithDebInfo|Win32
		{86ABCF8E-0BA2-4F7A-B7D6-A17A47ACDD01}.RelWithDebInfo|Win32.Build.0 = RelWithDebInfo|Win32
		{56AD3C9F-D5F1-4687-9B7D-00631941202C}.Debug|Win32.ActiveCfg = Debug|Win32
		{56AD3C9F-D5F1-4687-9B7D-00631941202C}.Release|Win32.ActiveCfg = Release|Win32
		{56AD3C9F-D5F1-4687-9B7D-00631941202C}.MinSizeRel|Win32.ActiveCfg = MinSizeRel|Win32
		{56AD3C9F-D5F1-4687-9B7D-00631941202C}.RelWithDebInfo|Win32.ActiveCfg = RelWithDebInfo|Win32
		{4E552AB6-F07D-4ECB-855D-6CCB1F44BE69}.Debug|Win32.ActiveCfg = Debug|Win32
		{4E552AB6-F07D-4ECB-855D-6CCB1F44BE69}.Debug|Win32.Build.0 = Debug|Win32
		{4E552AB6-F07D-4ECB-855D-6CCB1F44BE69}.Release|Win32.ActiveCfg = Release|Win32
		{4E552AB6-F07D-4ECB-855D-6CCB1F44BE69}.Release|Win32.Build.0 = Release|Win32
		{4E552AB6-F07D-4ECB-855D-6CCB1F44BE69}.MinSizeRel|Win32.ActiveCfg = MinSizeRel|Win32
		{4E552AB6-F07D-4ECB-855D-6CCB1F44BE69}.MinSizeRel|Win32.Build.0 = MinSizeRel|Win32
		{4E552AB6-F07D-4ECB-855D-6CCB1F44BE69}.RelWithDebInfo|Win32.ActiveCfg = RelWithDebInfo|Win32
		{4E552AB6-F07D-4ECB-855D-6CCB1F44BE69}.RelWithDebInfo|Win32.Build.0 = RelWithDebInfo|Win32
		{26EF00DB-72CE-4007-AEEE-36459410A4C2}.Debug|Win32.ActiveCfg = Debug|Win32
		{26EF00DB-72CE-4007-AEEE-36459410A4C2}.Debug|Win32.Build.0 = Debug|Win32
		{26EF00DB-72CE-4007-AEEE-36459410A4C2}.Release|Win32.ActiveCfg = Release|Win32
		{26EF00DB-72CE-4007-AEEE-36459410A4C2}.Release|Win32.Build.0 = Release|Win32
		{26EF00DB-72CE-4007-AEEE-36459410A4C2}.MinSizeRel|Win32.ActiveCfg = MinSizeRel|Win32
		{26EF00DB-72CE-4007-AEEE-36459410A4C2}.MinSizeRel|Win32.Build.0 = MinSizeRel|Win32
		{26EF00DB-72CE-4007-AEEE-36459410A4C2}.RelWithDebInfo|Win32.ActiveCfg = RelWithDebInfo|Win32
		{26EF00DB-72CE-4007-AEEE-36459410A4C2}.RelWithDebInfo|Win32.Build.0 = RelWithDebInfo|Win32
		{CE481589-FEFE-4551-B3F2-50F7BED32967}.Debug|Win32.ActiveCfg = Debug|Win32
		{CE481589-FEFE-4551-B3F2-50F7BED32967}.Debug|Win32.Build.0 = Debug|Win32
		{CE481589-FEFE-4551-B3F2-50F7BED32967}.Release|Win32.ActiveCfg = Release|Win32
		{CE481589-FEFE-4551-B3F2-50F7BED32967}.Release|Win32.Build.0 = Release|Win32
		{CE481589-FEFE-4551-B3F2-50F7BED32967}.MinSizeRel|Win32.ActiveCfg = MinSizeRel|Win32
		{CE481589-FEFE-4551-B3F2-50F7BED32967}.MinSizeRel|Win32.Build.0 = MinSizeRel|Win32
		{CE481589-FEFE-4551-B3F2-50F7BED32967}.RelWithDebInfo|Win32.ActiveCfg = RelWithDebInfo|Win32
		{CE481589-FEFE-4551-B3F2-50F7BED32967}.RelWithDebInfo|Win32.Build.0 = RelWithDebInfo|Win32
		{9EFA6CAC-8A84-408E-9038-A5547D1B365F}.Debug|Win32.ActiveCfg = Debug|Win32
		{9EFA6CAC-8A84-408E-9038-A5547D1B365F}.Debug|Win32.Build.0 = Debug|Win32
		{9EFA6CAC-8A84-408E-9038-A5547D1B365F}.Release|Win32.ActiveCfg = Release|Win32
		{9EFA6CAC-8A84-408E-9038-A5547D1B365F}.Release|Win32.Build.0 = Release|Win32
		{9EFA6CAC-8A84-408E-9038-A5547D1B365F}.MinSizeRel|Win32.ActiveCfg = MinSizeRel|Win32
		{9EFA6CAC-8A84-408E-9038-A5547D1B365F}.MinSizeRel|Win32.Build.0 = MinSizeRel|Win32
		{9EFA6CAC-8A84-408E-9038-A5547D1B365F}.RelWithDebInfo|Win32.ActiveCfg = RelWithDebInfo|Win32
		{9EFA6CAC-8A84-408E-9038-A5547D1B365F}.RelWithDebInfo|Win32.Build.0 = RelWithDebInfo|Win32
		{093932DB-2BF0-48F7-936E-F3FAE3E6891C}.Debug|Win32.ActiveCfg = Debug|Win32
		{093932DB-2BF0-48F7-936E-F3FAE3E6891C}.Debug|Win32.Build.0 = Debug|Win32
		{093932DB-2BF0-48F7-936E-F3FAE3E6891C}.Release|Win32.ActiveCfg = Release|Win32
		{093932DB-2BF0-48F7-936E-F3FAE3E6891C}.Release|Win32.Build.0 = Release|Win32
		{093932DB-2BF0-48F7-936E-F3FAE3E6891C}.MinSizeRel|Win32.ActiveCfg = MinSizeRel|Win32
		{093932DB-2BF0-48F7-936E-F3FAE3E6891C}.MinSizeRel|Win32.Build.0 = MinSizeRel|Win32
		{093932DB-2BF0-48F7-936E-F3FAE3E6891C}.RelWithDebInfo|Win32.ActiveCfg = RelWithDebInfo|Win32
		{093932DB-2BF0-48F7-936E-F3FAE3E6891C}.RelWithDebInfo|Win32.Build.0 = RelWithDebInfo|Win32
		{AE818A30-9637-42A9-85F8-D3EED2C69B22}.Debug|Win32.ActiveCfg = Debug|Win32
		{AE818A30-9637-42A9-85F8-D3EED2C69B22}.Debug|Win32.Build.0 = Debug|Win32
		{AE818A30-9637-42A9-85F8-D3EED2C69B22}.Release|Win32.ActiveCfg = Release|Win32
		{AE818A30-9637-42A9-85F8-D3EED2C69B22}.Release|Win32.Build.0 = Release|Win32
		{AE818A30-9637-42A9-85F8-D3EED2C69B22}.MinSizeRel|Win32.ActiveCfg = MinSizeRel|Win32
		{AE818A30-9637-42A9-85F8-D3EED2C69B22}.MinSizeRel|Win32.Build.0 = MinSizeRel|Win32
		{AE818A30-9637-42A9-85F8-D3EED2C69B22}.RelWithDebInfo|Win32.ActiveCfg = RelWithDebInfo|Win32
		{AE818A30-9637-42A9-85F8-D3EED2C69B22}.RelWithDebInfo|Win32.Build.0 = RelWithDebInfo|Win32
		{8A01AE82-A202-431F-BD82-68306F31C83D}.Debug|Win32.ActiveCfg = Debug|Win32
		{8A01AE82-A202-431F-BD82-68306F31C83D}.Debug|Win32.Build.0 = Debug|Win32
		{8A01AE82-A202-431F-BD82-68306F31C83D}.Release|Win32.ActiveCfg = Release|Win32
		{8A01AE82-A202-431F-BD82-68306F31C83D}.Release|Win32.Build.0 = Release|Win32
		{8A01AE82-A202-431F-BD82-68306F31C83D}.MinSizeRel|Win32.ActiveCfg = MinSizeRel|Win32
		{8A01AE82-A202-431F-BD82-68306F31C83D}.MinSizeRel|Win32.Build.0 = MinSizeRel|Win32
		{8A01AE82-A202-431F-BD82-68306F31C83D}.RelWithDebInfo|Win32.ActiveCfg = RelWithDebInfo|Win32
		{8A01AE82-A202-431F-BD82-68306F31C83D}.RelWithDebInfo|Win32.Build.0 = RelWithDebInfo|Win32
		{1AD6ADD4-5B98-40E3-8904-8A89C942D32C}.Debug|Win32.ActiveCfg = Debug|Win32
		{1AD6ADD4-5B98-40E3-8904-8A89C942D32C}.Debug|Win32.Build.0 = Debug|Win32
		{1AD6ADD4-5B98-40E3-8904-8A89C942D32C}.Release|Win32.ActiveCfg = Release|Win32
		{1AD6ADD4-5B98-40E3-8904-8A89C942D32C}.Release|Win32.Build.0 = Release|Win32
		{1AD6ADD4-5B98-40E3-8904-8A89C942D32C}.MinSizeRel|Win32.ActiveCfg = MinSizeRel|Win32
		{1AD6ADD4-5B98-40E3-8904-8A89C942D32C}.MinSizeRel|Win32.Build.0 = MinSizeRel|Win32
		{1AD6ADD4-5B98-40E3-8904-8A89C942D32C}.RelWithDebInfo|Win32.ActiveCfg = RelWithDebInfo|Win32
		{1AD6ADD4-5B98-40E3-8904-8A89C942D32C}.RelWithDebInfo|Win32.Build.0 = RelWithDebInfo|Win32
		{0020075F-23E7-4990-BF6C-A47795644343}.Debug|Win32.ActiveCfg = Debug|Win32
		{0020075F-23E7-4990-BF6C-A47795644343}.Debug|Win32.Build.0 = Debug|Win32
		{0020075F-23E7-4990-BF6C-A47795644343}.Release|Win32.ActiveCfg = Release|Win32
		{0020075F-23E7-4990-BF6C-A47795644343}.Release|Win32.Build.0 = Release|Win32
		{0020075F-23E7-4990-BF6C-A47795644343}.MinSizeRel|Win32.ActiveCfg = MinSizeRel|Win32
		{0020075F-23E7-4990-BF6C-A47795644343}.MinSizeRel|Win32.Build.0 = MinSizeRel|Win32
		{0020075F-23E7-4990-BF6C-A47795644343}.RelWithDebInfo|Win32.ActiveCfg = RelWithDebInfo|Win32
		{0020075F-23E7-4990-BF6C-A47795644343}.RelWithDebInfo|Win32.Build.0 = RelWithDebInfo|Win32
		{D75ADDC3-45FE-41FB-B73E-A59CE6FFF272}.Debug|Win32.ActiveCfg = Debug|Win32
		{D75ADDC3-45FE-41FB-B73E-A59CE6FFF272}.Debug|Win32.Build.0 = Debug|Win32
		{D75ADDC3-45FE-41FB-B73E-A59CE6FFF272}.Release|Win32.ActiveCfg = Release|Win32
		{D75ADDC3-45FE-41FB-B73E-A59CE6FFF272}.Release|Win32.Build.0 = Release|Win32
		{D75ADDC3-45FE-41FB-B73E-A59CE6FFF272}.MinSizeRel|Win32.ActiveCfg = MinSizeRel|Win32
		{D75ADDC3-45FE-41FB-B73E-A59CE6FFF272}.MinSizeRel|Win32.Build.0 = MinSizeRel|Win32
		{D75ADDC3-45FE-41FB-B73E-A59CE6FFF272}.RelWithDebInfo|Win32.ActiveCfg = RelWithDebInfo|Win32
		{D75ADDC3-45FE-41FB-B73E-A59CE6FFF272}.RelWithDebInfo|Win32.Build.0 = RelWithDebInfo|Win32
		{109D5772-C4B1-4A41-9E91-F3DED140871A}.Debug|Win32.ActiveCfg = Debug|Win32
		{109D5772-C4B1-4A41-9E91-F3DED140871A}.Debug|Win32.Build.0 = Debug|Win32
		{109D5772-C4B1-4A41-9E91-F3DED140871A}.Release|Win32.ActiveCfg = Release|Win32
		{109D5772-C4B1-4A41-9E91-F3DED140871A}.Release|Win32.Build.0 = Release|Win32
		{109D5772-C4B1-4A41-9E91-F3DED140871A}.MinSizeRel|Win32.ActiveCfg = MinSizeRel|Win32
		{109D5772-C4B1-4A41-9E91-F3DED140871A}.MinSizeRel|Win32.Build.0 = MinSizeRel|Win32
		{109D5772-C4B1-4A41-9E91-F3DED140871A}.RelWithDebInfo|Win32.ActiveCfg = RelWithDebInfo|Win32
		{109D5772-C4B1-4A41-9E91-F3DED140871A}.RelWithDebInfo|Win32.Build.0 = RelWithDebInfo|Win32
		{AACEDDE5-A2C9-4546-85C4-94C28329A975}.Debug|Win32.ActiveCfg = Debug|Win32
		{AACEDDE5-A2C9-4546-85C4-94C28329A975}.Debug|Win32.Build.0 = Debug|Win32
		{AACEDDE5-A2C9-4546-85C4-94C28329A975}.Release|Win32.ActiveCfg = Release|Win32
		{AACEDDE5-A2C9-4546-85C4-94C28329A975}.Release|Win32.Build.0 = Release|Win32
		{AACEDDE5-A2C9-4546-85C4-94C28329A975}.MinSizeRel|Win32.ActiveCfg = MinSizeRel|Win32
		{AACEDDE5-A2C9-4546-85C4-94C28329A975}.MinSizeRel|Win32.Build.0 = MinSizeRel|Win32
		{AACEDDE5-A2C9-4546-85C4-94C28329A975}.RelWithDebInfo|Win32.ActiveCfg = RelWithDebInfo|Win32
		{AACEDDE5-A2C9-4546-85C4-94C28329A975}.RelWithDebInfo|Win32.Build.0 = RelWithDebInfo|Win32
		{720DE31A-5BC3-4CB4-B3E2-9A8061F3809C}.Debug|Win32.ActiveCfg = Debug|Win32
		{720DE31A-5BC3-4CB4-B3E2-9A8061F3809C}.Debug|Win32.Build.0 = Debug|Win32
		{720DE31A-5BC3-4CB4-B3E2-9A8061F3809C}.Release|Win32.ActiveCfg = Release|Win32
		{720DE31A-5BC3-4CB4-B3E2-9A8061F3809C}.Release|Win32.Build.0 = Release|Win32
		{720DE31A-5BC3-4CB4-B3E2-9A8061F3809C}.MinSizeRel|Win32.ActiveCfg = MinSizeRel|Win32
		{720DE31A-5BC3-4CB4-B3E2-9A8061F3809C}.MinSizeRel|Win32.Build.0 = MinSizeRel|Win32
		{720DE31A-5BC3-4CB4-B3E2-9A8061F3809C}.RelWithDebInfo|Win32.ActiveCfg = RelWithDebInfo|Win32
		{720DE31A-5BC3-4CB4-B3E2-9A8061F3809C}.RelWithDebInfo|Win32.Build.0 = RelWithDebInfo|Win32
		{05162887-9E11-4E4C-B510-3867B6A94907}.Debug|Win32.ActiveCfg = Debug|Win32
		{05162887-9E11-4E4C-B510-3867B6A94907}.Debug|Win32.Build.0 = Debug|Win32
		{05162887-9E11-4E4C-B510-3867B6A94907}.Release|Win32.ActiveCfg = Release|Win32
		{05162887-9E11-4E4C-B510-3867B6A94907}.Release|Win32.Build.0 = Release|Win32
		{05162887-9E11-4E4C-B510-3867B6A94907}.MinSizeRel|Win32.ActiveCfg = MinSizeRel|Win32
		{05162887-9E11-4E4C-B510-3867B6A94907}.MinSizeRel|Win32.Build.0 = MinSizeRel|Win32
		{05162887-9E11-4E4C-B510-3867B6A94907}.RelWithDebInfo|Win32.ActiveCfg = RelWithDebInfo|Win32
		{05162887-9E11-4E4C-B510-3867B6A94907}.RelWithDebInfo|Win32.Build.0 = RelWithDebInfo|Win32
		{211F47F7-3511-4DBC-ABAB-047ABB0152F5}.Debug|Win32.ActiveCfg = Debug|Win32
		{211F47F7-3511-4DBC-ABAB-047ABB0152F5}.Debug|Win32.Build.0 = Debug|Win32
		{211F47F7-3511-4DBC-ABAB-047ABB0152F5}.Release|Win32.ActiveCfg = Release|Win32
		{211F47F7-3511-4DBC-ABAB-047ABB0152F5}.Release|Win32.Build.0 = Release|Win32
		{211F47F7-3511-4DBC-ABAB-047ABB0152F5}.MinSizeRel|Win32.ActiveCfg = MinSizeRel|Win32
		{211F47F7-3511-4DBC-ABAB-047ABB0152F5}.MinSizeRel|Win32.Build.0 = MinSizeRel|Win32
		{211F47F7-3511-4DBC-ABAB-047ABB0152F5}.RelWithDebInfo|Win32.ActiveCfg = RelWithDebInfo|Win32
		{211F47F7-3511-4DBC-ABAB-047ABB0152F5}.RelWithDebInfo|Win32.Build.0 = RelWithDebInfo|Win32
		{FB80012D-BAE1-41D9-8455-6073E1085866}.Debug|Win32.ActiveCfg = Debug|Win32
		{FB80012D-BAE1-41D9-8455-6073E1085866}.Debug|Win32.Build.0 = Debug|Win32
		{FB80012D-BAE1-41D9-8455-6073E1085866}.Release|Win32.ActiveCfg = Release|Win32
		{FB80012D-BAE1-41D9-8455-6073E1085866}.Release|Win32.Build.0 = Release|Win32
		{FB80012D-BAE1-41D9-8455-6073E1085866}.MinSizeRel|Win32.ActiveCfg = MinSizeRel|Win32
		{FB80012D-BAE1-41D9-8455-6073E1085866}.MinSizeRel|Win32.Build.0 = MinSizeRel|Win32
		{FB80012D-BAE1-41D9-8455-6073E1085866}.RelWithDebInfo|Win32.ActiveCfg = RelWithDebInfo|Win32
		{FB80012D-BAE1-41D9-8455-6073E1085866}.RelWithDebInfo|Win32.Build.0 = RelWithDebInfo|Win32
		{BE669165-8F38-4FC7-A6EB-7242F32DD5CB}.Debug|Win32.ActiveCfg = Debug|Win32
		{BE669165-8F38-4FC7-A6EB-7242F32DD5CB}.Debug|Win32.Build.0 = Debug|Win32
		{BE669165-8F38-4FC7-A6EB-7242F32DD5CB}.Release|Win32.ActiveCfg = Release|Win32
		{BE669165-8F38-4FC7-A6EB-7242F32DD5CB}.Release|Win32.Build.0 = Release|Win32
		{BE669165-8F38-4FC7-A6EB-7242F32DD5CB}.MinSizeRel|Win32.ActiveCfg = MinSizeRel|Win32
		{BE669165-8F38-4FC7-A6EB-7242F32DD5CB}.MinSizeRel|Win32.Build.0 = MinSizeRel|Win32
		{BE669165-8F38-4FC7-A6EB-7242F32DD5CB}.RelWithDebInfo|Win32.ActiveCfg = RelWithDebInfo|Win32
		{BE669165-8F38-4FC7-A6EB-7242F32DD5CB}.RelWithDebInfo|Win32.Build.0 = RelWithDebInfo|Win32
		{551D8652-7FFB-41C6-919F-28D1CBECC97B}.Debug|Win32.ActiveCfg = Debug|Win32
		{551D8652-7FFB-41C6-919F-28D1CBECC97B}.Debug|Win32.Build.0 = Debug|Win32
		{551D8652-7FFB-41C6-919F-28D1CBECC97B}.Release|Win32.ActiveCfg = Release|Win32
		{551D8652-7FFB-41C6-919F-28D1CBECC97B}.Release|Win32.Build.0 = Release|Win32
		{551D8652-7FFB-41C6-919F-28D1CBECC97B}.MinSizeRel|Win32.ActiveCfg = MinSizeRel|Win32
		{551D8652-7FFB-41C6-919F-28D1CBECC97B}.MinSizeRel|Win32.Build.0 = MinSizeRel|Win32
		{551D8652-7FFB-41C6-919F-28D1CBECC97B}.RelWithDebInfo|Win32.ActiveCfg = RelWithDebInfo|Win32
		{551D8652-7FFB-41C6-919F-28D1CBECC97B}.RelWithDebInfo|Win32.Build.0 = RelWithDebInfo|Win32
		{45901389-B8D6-41A1-AE4C-47C5C0DCBE84}.Debug|Win32.ActiveCfg = Debug|Win32
		{45901389-B8D6-41A1-AE4C-47C5C0DCBE84}.Debug|Win32.Build.0 = Debug|Win32
		{45901389-B8D6-41A1-AE4C-47C5C0DCBE84}.Release|Win32.ActiveCfg = Release|Win32
		{45901389-B8D6-41A1-AE4C-47C5C0DCBE84}.Release|Win32.Build.0 = Release|Win32
		{45901389-B8D6-41A1-AE4C-47C5C0DCBE84}.MinSizeRel|Win32.ActiveCfg = MinSizeRel|Win32
		{45901389-B8D6-41A1-AE4C-47C5C0DCBE84}.MinSizeRel|Win32.Build.0 = MinSizeRel|Win32
		{45901389-B8D6-41A1-AE4C-47C5C0DCBE84}.RelWithDebInfo|Win32.ActiveCfg = RelWithDebInfo|Win32
		{45901389-B8D6-41A1-AE4C-47C5C0DCBE84}.RelWithDebInfo|Win32.Build.0 = RelWithDebInfo|Win32
		{C4028837-6AE9-4969-A146-FE8DF3EAD49E}.Debug|Win32.ActiveCfg = Debug|Win32
		{C4028837-6AE9-4969-A146-FE8DF3EAD49E}.Debug|Win32.Build.0 = Debug|Win32
		{C4028837-6AE9-4969-A146-FE8DF3EAD49E}.Release|Win32.ActiveCfg = Release|Win32
		{C4028837-6AE9-4969-A146-FE8DF3EAD49E}.Release|Win32.Build.0 = Release|Win32
		{C4028837-6AE9-4969-A146-FE8DF3EAD49E}.MinSizeRel|Win32.ActiveCfg = MinSizeRel|Win32
		{C4028837-6AE9-4969-A146-FE8DF3EAD49E}.MinSizeRel|Win32.Build.0 = MinSizeRel|Win32
		{C4028837-6AE9-4969-A146-FE8DF3EAD49E}.RelWithDebInfo|Win32.ActiveCfg = RelWithDebInfo|Win32
		{C4028837-6AE9-4969-A146-FE8DF3EAD49E}.RelWithDebInfo|Win32.Build.0 = RelWithDebInfo|Win32
		{AE231043-4927-4C2A-AC5F-DF60273B0C79}.Debug|Win32.ActiveCfg = Debug|Win32
		{AE231043-4927-4C2A-AC5F-DF60273B0C79}.Debug|Win32.Build.0 = Debug|Win32
		{AE231043-4927-4C2A-AC5F-DF60273B0C79}.Release|Win32.ActiveCfg = Release|Win32
		{AE231043-4927-4C2A-AC5F-DF60273B0C79}.Release|Win32.Build.0 = Release|Win32
		{AE231043-4927-4C2A-AC5F-DF60273B0C79}.MinSizeRel|Win32.ActiveCfg = MinSizeRel|Win32
		{AE231043-4927-4C2A-AC5F-DF60273B0C79}.MinSizeRel|Win32.Build.0 = MinSizeRel|Win32
		{AE231043-4927-4C2A-AC5F-DF60273B0C79}.RelWithDebInfo|Win32.ActiveCfg = RelWithDebInfo|Win32
		{AE231043-4927-4C2A-AC5F-DF60273B0C79}.RelWithDebInfo|Win32.Build.0 = RelWithDebInfo|Win32
		{50CBD56B-C6F5-4285-8A81-92B5B227DC11}.Debug|Win32.ActiveCfg = Debug|Win32
		{50CBD56B-C6F5-4285-8A81-92B5B227DC11}.Debug|Win32.Build.0 = Debug|Win32
		{50CBD56B-C6F5-4285-8A81-92B5B227DC11}.Release|Win32.ActiveCfg = Release|Win32
		{50CBD56B-C6F5-4285-8A81-92B5B227DC11}.Release|Win32.Build.0 = Release|Win32
		{50CBD56B-C6F5-4285-8A81-92B5B227DC11}.MinSizeRel|Win32.ActiveCfg = MinSizeRel|Win32
		{50CBD56B-C6F5-4285-8A81-92B5B227DC11}.MinSizeRel|Win32.Build.0 = MinSizeRel|Win32
		{50CBD56B-C6F5-4285-8A81-92B5B227DC11}.RelWithDebInfo|Win32.ActiveCfg = RelWithDebInfo|Win32
		{50CBD56B-C6F5-4285-8A81-92B5B227DC11}.RelWithDebInfo|Win32.Build.0 = RelWithDebInfo|Win32
		{14B0FC90-4582-48B6-BC93-B1B79950E447}.Debug|Win32.ActiveCfg = Debug|Win32
		{14B0FC90-4582-48B6-BC93-B1B79950E447}.Debug|Win32.Build.0 = Debug|Win32
		{14B0FC90-4582-48B6-BC93-B1B79950E447}.Release|Win32.ActiveCfg = Release|Win32
		{14B0FC90-4582-48B6-BC93-B1B79950E447}.Release|Win32.Build.0 = Release|Win32
		{14B0FC90-4582-48B6-BC93-B1B79950E447}.MinSizeRel|Win32.ActiveCfg = MinSizeRel|Win32
		{14B0FC90-4582-48B6-BC93-B1B79950E447}.MinSizeRel|Win32.Build.0 = MinSizeRel|Win32
		{14B0FC90-4582-48B6-BC93-B1B79950E447}.RelWithDebInfo|Win32.ActiveCfg = RelWithDebInfo|Win32
		{14B0FC90-4582-48B6-BC93-B1B79950E447}.RelWithDebInfo|Win32.Build.0 = RelWithDebInfo|Win32
		{C7A10B9B-BC76-484D-BA61-08393F27C05F}.Debug|Win32.ActiveCfg = Debug|Win32
		{C7A10B9B-BC76-484D-BA61-08393F27C05F}.Debug|Win32.Build.0 = Debug|Win32
		{C7A10B9B-BC76-484D-BA61-08393F27C05F}.Release|Win32.ActiveCfg = Release|Win32
		{C7A10B9B-BC76-484D-BA61-08393F27C05F}.Release|Win32.Build.0 = Release|Win32
		{C7A10B9B-BC76-484D-BA61-08393F27C05F}.MinSizeRel|Win32.ActiveCfg = MinSizeRel|Win32
		{C7A10B9B-BC76-484D-BA61-08393F27C05F}.MinSizeRel|Win32.Build.0 = MinSizeRel|Win32
		{C7A10B9B-BC76-484D-BA61-08393F27C05F}.RelWithDebInfo|Win32.ActiveCfg = RelWithDebInfo|Win32
		{C7A10B9B-BC76-484D-BA61-08393F27C05F}.RelWithDebInfo|Win32.Build.0 = RelWithDebInfo|Win32
		{27B6803C-AC89-4904-94E9-C224EABFD22A}.Debug|Win32.ActiveCfg = Debug|Win32
		{27B6803C-AC89-4904-94E9-C224EABFD22A}.Debug|Win32.Build.0 = Debug|Win32
		{27B6803C-AC89-4904-94E9-C224EABFD22A}.Release|Win32.ActiveCfg = Release|Win32
		{27B6803C-AC89-4904-94E9-C224EABFD22A}.Release|Win32.Build.0 = Release|Win32
		{27B6803C-AC89-4904-94E9-C224EABFD22A}.MinSizeRel|Win32.ActiveCfg = MinSizeRel|Win32
		{27B6803C-AC89-4904-94E9-C224EABFD22A}.MinSizeRel|Win32.Build.0 = MinSizeRel|Win32
		{27B6803C-AC89-4904-94E9-C224EABFD22A}.RelWithDebInfo|Win32.ActiveCfg = RelWithDebInfo|Win32
		{27B6803C-AC89-4904-94E9-C224EABFD22A}.RelWithDebInfo|Win32.Build.0 = RelWithDebInfo|Win32
		{CE1F5E0B-3A2C-4262-9848-36D9E543A8B5}.Debug|Win32.ActiveCfg = Debug|Win32
		{CE1F5E0B-3A2C-4262-9848-36D9E543A8B5}.Debug|Win32.Build.0 = Debug|Win32
		{CE1F5E0B-3A2C-4262-9848-36D9E543A8B5}.Release|Win32.ActiveCfg = Release|Win32
		{CE1F5E0B-3A2C-4262-9848-36D9E543A8B5}.Release|Win32.Build.0 = Release|Win32
		{CE1F5E0B-3A2C-4262-9848-36D9E543A8B5}.MinSizeRel|Win32.ActiveCfg = MinSizeRel|Win32
		{CE1F5E0B-3A2C-4262-9848-36D9E543A8B5}.MinSizeRel|Win32.Build.0 = MinSizeRel|Win32
		{CE1F5E0B-3A2C-4262-9848-36D9E543A8B5}.RelWithDebInfo|Win32.ActiveCfg = RelWithDebInfo|Win32
		{CE1F5E0B-3A2C-4262-9848-36D9E543A8B5}.RelWithDebInfo|Win32.Build.0 = RelWithDebInfo|Win32
		{CB2B1926-966D-4AFA-A588-9FB04E54FF8C}.Debug|Win32.ActiveCfg = Debug|Win32
		{CB2B1926-966D-4AFA-A588-9FB04E54FF8C}.Debug|Win32.Build.0 = Debug|Win32
		{CB2B1926-966D-4AFA-A588-9FB04E54FF8C}.Release|Win32.ActiveCfg = Release|Win32
		{CB2B1926-966D-4AFA-A588-9FB04E54FF8C}.Release|Win32.Build.0 = Release|Win32
		{CB2B1926-966D-4AFA-A588-9FB04E54FF8C}.MinSizeRel|Win32.ActiveCfg = MinSizeRel|Win32
		{CB2B1926-966D-4AFA-A588-9FB04E54FF8C}.MinSizeRel|Win32.Build.0 = MinSizeRel|Win32
		{CB2B1926-966D-4AFA-A588-9FB04E54FF8C}.RelWithDebInfo|Win32.ActiveCfg = RelWithDebInfo|Win32
		{CB2B1926-966D-4AFA-A588-9FB04E54FF8C}.RelWithDebInfo|Win32.Build.0 = RelWithDebInfo|Win32
		{AC17F4E5-FAD0-4A6D-85DB-188665F2491E}.Debug|Win32.ActiveCfg = Debug|Win32
		{AC17F4E5-FAD0-4A6D-85DB-188665F2491E}.Debug|Win32.Build.0 = Debug|Win32
		{AC17F4E5-FAD0-4A6D-85DB-188665F2491E}.Release|Win32.ActiveCfg = Release|Win32
		{AC17F4E5-FAD0-4A6D-85DB-188665F2491E}.Release|Win32.Build.0 = Release|Win32
		{AC17F4E5-FAD0-4A6D-85DB-188665F2491E}.MinSizeRel|Win32.ActiveCfg = MinSizeRel|Win32
		{AC17F4E5-FAD0-4A6D-85DB-188665F2491E}.MinSizeRel|Win32.Build.0 = MinSizeRel|Win32
		{AC17F4E5-FAD0-4A6D-85DB-188665F2491E}.RelWithDebInfo|Win32.ActiveCfg = RelWithDebInfo|Win32
		{AC17F4E5-FAD0-4A6D-85DB-188665F2491E}.RelWithDebInfo|Win32.Build.0 = RelWithDebInfo|Win32
		{F6B2DFA3-8553-400F-8991-578C22D90F2A}.Debug|Win32.ActiveCfg = Debug|Win32
		{F6B2DFA3-8553-400F-8991-578C22D90F2A}.Debug|Win32.Build.0 = Debug|Win32
		{F6B2DFA3-8553-400F-8991-578C22D90F2A}.Release|Win32.ActiveCfg = Release|Win32
		{F6B2DFA3-8553-400F-8991-578C22D90F2A}.Release|Win32.Build.0 = Release|Win32
		{F6B2DFA3-8553-400F-8991-578C22D90F2A}.MinSizeRel|Win32.ActiveCfg = MinSizeRel|Win32
		{F6B2DFA3-8553-400F-8991-578C22D90F2A}.MinSizeRel|Win32.Build.0 = MinSizeRel|Win32
		{F6B2DFA3-8553-400F-8991-578C22D90F2A}.RelWithDebInfo|Win32.ActiveCfg = RelWithDebInfo|Win32
		{F6B2DFA3-8553-400F-8991-578C22D90F2A}.RelWithDebInfo|Win32.Build.0 = RelWithDebInfo|Win32
		{B5AC404F-D215-4F29-94C0-9F10302F5655}.Debug|Win32.ActiveCfg = Debug|Win32
		{B5AC404F-D215-4F29-94C0-9F10302F5655}.Debug|Win32.Build.0 = Debug|Win32
		{B5AC404F-D215-4F29-94C0-9F10302F5655}.Release|Win32.ActiveCfg = Release|Win32
		{B5AC404F-D215-4F29-94C0-9F10302F5655}.Release|Win32.Build.0 = Release|Win32
		{B5AC404F-D215-4F29-94C0-9F10302F5655}.MinSizeRel|Win32.ActiveCfg = MinSizeRel|Win32
		{B5AC404F-D215-4F29-94C0-9F10302F5655}.MinSizeRel|Win32.Build.0 = MinSizeRel|Win32
		{B5AC404F-D215-4F29-94C0-9F10302F5655}.RelWithDebInfo|Win32.ActiveCfg = RelWithDebInfo|Win32
		{B5AC404F-D215-4F29-94C0-9F10302F5655}.RelWithDebInfo|Win32.Build.0 = RelWithDebInfo|Win32
		{481B8F30-00A8-4A9D-BFD2-F6DAC2CC11C4}.Debug|Win32.ActiveCfg = Debug|Win32
		{481B8F30-00A8-4A9D-BFD2-F6DAC2CC11C4}.Debug|Win32.Build.0 = Debug|Win32
		{481B8F30-00A8-4A9D-BFD2-F6DAC2CC11C4}.Release|Win32.ActiveCfg = Release|Win32
		{481B8F30-00A8-4A9D-BFD2-F6DAC2CC11C4}.Release|Win32.Build.0 = Release|Win32
		{481B8F30-00A8-4A9D-BFD2-F6DAC2CC11C4}.MinSizeRel|Win32.ActiveCfg = MinSizeRel|Win32
		{481B8F30-00A8-4A9D-BFD2-F6DAC2CC11C4}.MinSizeRel|Win32.Build.0 = MinSizeRel|Win32
		{481B8F30-00A8-4A9D-BFD2-F6DAC2CC11C4}.RelWithDebInfo|Win32.ActiveCfg = RelWithDebInfo|Win32
		{481B8F30-00A8-4A9D-BFD2-F6DAC2CC11C4}.RelWithDebInfo|Win32.Build.0 = RelWithDebInfo|Win32
		{3DB2FF88-696E-4777-9115-FB2C9E306527}.Debug|Win32.ActiveCfg = Debug|Win32
		{3DB2FF88-696E-4777-9115-FB2C9E306527}.Debug|Win32.Build.0 = Debug|Win32
		{3DB2FF88-696E-4777-9115-FB2C9E306527}.Release|Win32.ActiveCfg = Release|Win32
		{3DB2FF88-696E-4777-9115-FB2C9E306527}.Release|Win32.Build.0 = Release|Win32
		{3DB2FF88-696E-4777-9115-FB2C9E306527}.MinSizeRel|Win32.ActiveCfg = MinSizeRel|Win32
		{3DB2FF88-696E-4777-9115-FB2C9E306527}.MinSizeRel|Win32.Build.0 = MinSizeRel|Win32
		{3DB2FF88-696E-4777-9115-FB2C9E306527}.RelWithDebInfo|Win32.ActiveCfg = RelWithDebInfo|Win32
		{3DB2FF88-696E-4777-9115-FB2C9E306527}.RelWithDebInfo|Win32.Build.0 = RelWithDebInfo|Win32
		{5E39C490-3D12-4FA9-A202-1D1C7A600C06}.Debug|Win32.ActiveCfg = Debug|Win32
		{5E39C490-3D12-4FA9-A202-1D1C7A600C06}.Debug|Win32.Build.0 = Debug|Win32
		{5E39C490-3D12-4FA9-A202-1D1C7A600C06}.Release|Win32.ActiveCfg = Release|Win32
		{5E39C490-3D12-4FA9-A202-1D1C7A600C06}.Release|Win32.Build.0 = Release|Win32
		{5E39C490-3D12-4FA9-A202-1D1C7A600C06}.MinSizeRel|Win32.ActiveCfg = MinSizeRel|Win32
		{5E39C490-3D12-4FA9-A202-1D1C7A600C06}.MinSizeRel|Win32.Build.0 = MinSizeRel|Win32
		{5E39C490-3D12-4FA9-A202-1D1C7A600C06}.RelWithDebInfo|Win32.ActiveCfg = RelWithDebInfo|Win32
		{5E39C490-3D12-4FA9-A202-1D1C7A600C06}.RelWithDebInfo|Win32.Build.0 = RelWithDebInfo|Win32
		{A739E70A-0050-4187-A274-1B0D20ADA23F}.Debug|Win32.ActiveCfg = Debug|Win32
		{A739E70A-0050-4187-A274-1B0D20ADA23F}.Debug|Win32.Build.0 = Debug|Win32
		{A739E70A-0050-4187-A274-1B0D20ADA23F}.Release|Win32.ActiveCfg = Release|Win32
		{A739E70A-0050-4187-A274-1B0D20ADA23F}.Release|Win32.Build.0 = Release|Win32
		{A739E70A-0050-4187-A274-1B0D20ADA23F}.MinSizeRel|Win32.ActiveCfg = MinSizeRel|Win32
		{A739E70A-0050-4187-A274-1B0D20ADA23F}.MinSizeRel|Win32.Build.0 = MinSizeRel|Win32
		{A739E70A-0050-4187-A274-1B0D20ADA23F}.RelWithDebInfo|Win32.ActiveCfg = RelWithDebInfo|Win32
		{A739E70A-0050-4187-A274-1B0D20ADA23F}.RelWithDebInfo|Win32.Build.0 = RelWithDebInfo|Win32
		{1E7AFF08-9E03-4C85-AF48-8D527C49291F}.Debug|Win32.ActiveCfg = Debug|Win32
		{1E7AFF08-9E03-4C85-AF48-8D527C49291F}.Debug|Win32.Build.0 = Debug|Win32
		{1E7AFF08-9E03-4C85-AF48-8D527C49291F}.Release|Win32.ActiveCfg = Release|Win32
		{1E7AFF08-9E03-4C85-AF48-8D527C49291F}.Release|Win32.Build.0 = Release|Win32
		{1E7AFF08-9E03-4C85-AF48-8D527C49291F}.MinSizeRel|Win32.ActiveCfg = MinSizeRel|Win32
		{1E7AFF08-9E03-4C85-AF48-8D527C49291F}.MinSizeRel|Win32.Build.0 = MinSizeRel|Win32
		{1E7AFF08-9E03-4C85-AF48-8D527C49291F}.RelWithDebInfo|Win32.ActiveCfg = RelWithDebInfo|Win32
		{1E7AFF08-9E03-4C85-AF48-8D527C49291F}.RelWithDebInfo|Win32.Build.0 = RelWithDebInfo|Win32
		{442E595E-E4F4-4B9C-BB5F-D5695551C817}.Debug|Win32.ActiveCfg = Debug|Win32
		{442E595E-E4F4-4B9C-BB5F-D5695551C817}.Debug|Win32.Build.0 = Debug|Win32
		{442E595E-E4F4-4B9C-BB5F-D5695551C817}.Release|Win32.ActiveCfg = Release|Win32
		{442E595E-E4F4-4B9C-BB5F-D5695551C817}.Release|Win32.Build.0 = Release|Win32
		{442E595E-E4F4-4B9C-BB5F-D5695551C817}.MinSizeRel|Win32.ActiveCfg = MinSizeRel|Win32
		{442E595E-E4F4-4B9C-BB5F-D5695551C817}.MinSizeRel|Win32.Build.0 = MinSizeRel|Win32
		{442E595E-E4F4-4B9C-BB5F-D5695551C817}.RelWithDebInfo|Win32.ActiveCfg = RelWithDebInfo|Win32
		{442E595E-E4F4-4B9C-BB5F-D5695551C817}.RelWithDebInfo|Win32.Build.0 = RelWithDebInfo|Win32
		{0BC438F6-E7D8-4334-853B-1A7019AD886A}.Debug|Win32.ActiveCfg = Debug|Win32
		{0BC438F6-E7D8-4334-853B-1A7019AD886A}.Debug|Win32.Build.0 = Debug|Win32
		{0BC438F6-E7D8-4334-853B-1A7019AD886A}.Release|Win32.ActiveCfg = Release|Win32
		{0BC438F6-E7D8-4334-853B-1A7019AD886A}.Release|Win32.Build.0 = Release|Win32
		{0BC438F6-E7D8-4334-853B-1A7019AD886A}.MinSizeRel|Win32.ActiveCfg = MinSizeRel|Win32
		{0BC438F6-E7D8-4334-853B-1A7019AD886A}.MinSizeRel|Win32.Build.0 = MinSizeRel|Win32
		{0BC438F6-E7D8-4334-853B-1A7019AD886A}.RelWithDebInfo|Win32.ActiveCfg = RelWithDebInfo|Win32
		{0BC438F6-E7D8-4334-853B-1A7019AD886A}.RelWithDebInfo|Win32.Build.0 = RelWithDebInfo|Win32
		{B5E1F45A-699E-4ECF-B4CE-27A3195003CF}.Debug|Win32.ActiveCfg = Debug|Win32
		{B5E1F45A-699E-4ECF-B4CE-27A3195003CF}.Debug|Win32.Build.0 = Debug|Win32
		{B5E1F45A-699E-4ECF-B4CE-27A3195003CF}.Release|Win32.ActiveCfg = Release|Win32
		{B5E1F45A-699E-4ECF-B4CE-27A3195003CF}.Release|Win32.Build.0 = Release|Win32
		{B5E1F45A-699E-4ECF-B4CE-27A3195003CF}.MinSizeRel|Win32.ActiveCfg = MinSizeRel|Win32
		{B5E1F45A-699E-4ECF-B4CE-27A3195003CF}.MinSizeRel|Win32.Build.0 = MinSizeRel|Win32
		{B5E1F45A-699E-4ECF-B4CE-27A3195003CF}.RelWithDebInfo|Win32.ActiveCfg = RelWithDebInfo|Win32
		{B5E1F45A-699E-4ECF-B4CE-27A3195003CF}.RelWithDebInfo|Win32.Build.0 = RelWithDebInfo|Win32
		{34EC8352-A868-43CC-BD25-4BFA4DA1BE83}.Debug|Win32.ActiveCfg = Debug|Win32
		{34EC8352-A868-43CC-BD25-4BFA4DA1BE83}.Debug|Win32.Build.0 = Debug|Win32
		{34EC8352-A868-43CC-BD25-4BFA4DA1BE83}.Release|Win32.ActiveCfg = Release|Win32
		{34EC8352-A868-43CC-BD25-4BFA4DA1BE83}.Release|Win32.Build.0 = Release|Win32
		{34EC8352-A868-43CC-BD25-4BFA4DA1BE83}.MinSizeRel|Win32.ActiveCfg = MinSizeRel|Win32
		{34EC8352-A868-43CC-BD25-4BFA4DA1BE83}.MinSizeRel|Win32.Build.0 = MinSizeRel|Win32
		{34EC8352-A868-43CC-BD25-4BFA4DA1BE83}.RelWithDebInfo|Win32.ActiveCfg = RelWithDebInfo|Win32
		{34EC8352-A868-43CC-BD25-4BFA4DA1BE83}.RelWithDebInfo|Win32.Build.0 = RelWithDebInfo|Win32
		{D2DA1904-C5D6-48D4-BC39-C6C9698725C7}.Debug|Win32.ActiveCfg = Debug|Win32
		{D2DA1904-C5D6-48D4-BC39-C6C9698725C7}.Debug|Win32.Build.0 = Debug|Win32
		{D2DA1904-C5D6-48D4-BC39-C6C9698725C7}.Release|Win32.ActiveCfg = Release|Win32
		{D2DA1904-C5D6-48D4-BC39-C6C9698725C7}.Release|Win32.Build.0 = Release|Win32
		{D2DA1904-C5D6-48D4-BC39-C6C9698725C7}.MinSizeRel|Win32.ActiveCfg = MinSizeRel|Win32
		{D2DA1904-C5D6-48D4-BC39-C6C9698725C7}.MinSizeRel|Win32.Build.0 = MinSizeRel|Win32
		{D2DA1904-C5D6-48D4-BC39-C6C9698725C7}.RelWithDebInfo|Win32.ActiveCfg = RelWithDebInfo|Win32
		{D2DA1904-C5D6-48D4-BC39-C6C9698725C7}.RelWithDebInfo|Win32.Build.0 = RelWithDebInfo|Win32
		{16FC6BE3-C688-4FF0-9801-FB10B8E00194}.Debug|Win32.ActiveCfg = Debug|Win32
		{16FC6BE3-C688-4FF0-9801-FB10B8E00194}.Debug|Win32.Build.0 = Debug|Win32
		{16FC6BE3-C688-4FF0-9801-FB10B8E00194}.Release|Win32.ActiveCfg = Release|Win32
		{16FC6BE3-C688-4FF0-9801-FB10B8E00194}.Release|Win32.Build.0 = Release|Win32
		{16FC6BE3-C688-4FF0-9801-FB10B8E00194}.MinSizeRel|Win32.ActiveCfg = MinSizeRel|Win32
		{16FC6BE3-C688-4FF0-9801-FB10B8E00194}.MinSizeRel|Win32.Build.0 = MinSizeRel|Win32
		{16FC6BE3-C688-4FF0-9801-FB10B8E00194}.RelWithDebInfo|Win32.ActiveCfg = RelWithDebInfo|Win32
		{16FC6BE3-C688-4FF0-9801-FB10B8E00194}.RelWithDebInfo|Win32.Build.0 = RelWithDebInfo|Win32
		{F2330FDD-A902-45B9-A8B8-3F8E9E689D3A}.Debug|Win32.ActiveCfg = Debug|Win32
		{F2330FDD-A902-45B9-A8B8-3F8E9E689D3A}.Debug|Win32.Build.0 = Debug|Win32
		{F2330FDD-A902-45B9-A8B8-3F8E9E689D3A}.Release|Win32.ActiveCfg = Release|Win32
		{F2330FDD-A902-45B9-A8B8-3F8E9E689D3A}.Release|Win32.Build.0 = Release|Win32
		{F2330FDD-A902-45B9-A8B8-3F8E9E689D3A}.MinSizeRel|Win32.ActiveCfg = MinSizeRel|Win32
		{F2330FDD-A902-45B9-A8B8-3F8E9E689D3A}.MinSizeRel|Win32.Build.0 = MinSizeRel|Win32
		{F2330FDD-A902-45B9-A8B8-3F8E9E689D3A}.RelWithDebInfo|Win32.ActiveCfg = RelWithDebInfo|Win32
		{F2330FDD-A902-45B9-A8B8-3F8E9E689D3A}.RelWithDebInfo|Win32.Build.0 = RelWithDebInfo|Win32
		{2F76C36D-B717-42CE-9FFC-61DF2A28815D}.Debug|Win32.ActiveCfg = Debug|Win32
		{2F76C36D-B717-42CE-9FFC-61DF2A28815D}.Debug|Win32.Build.0 = Debug|Win32
		{2F76C36D-B717-42CE-9FFC-61DF2A28815D}.Release|Win32.ActiveCfg = Release|Win32
		{2F76C36D-B717-42CE-9FFC-61DF2A28815D}.Release|Win32.Build.0 = Release|Win32
		{2F76C36D-B717-42CE-9FFC-61DF2A28815D}.MinSizeRel|Win32.ActiveCfg = MinSizeRel|Win32
		{2F76C36D-B717-42CE-9FFC-61DF2A28815D}.MinSizeRel|Win32.Build.0 = MinSizeRel|Win32
		{2F76C36D-B717-42CE-9FFC-61DF2A28815D}.RelWithDebInfo|Win32.ActiveCfg = RelWithDebInfo|Win32
		{2F76C36D-B717-42CE-9FFC-61DF2A28815D}.RelWithDebInfo|Win32.Build.0 = RelWithDebInfo|Win32
		{35B0A6AB-66A3-4AB7-89A3-A6B9BA38FF3A}.Debug|Win32.ActiveCfg = Debug|Win32
		{35B0A6AB-66A3-4AB7-89A3-A6B9BA38FF3A}.Debug|Win32.Build.0 = Debug|Win32
		{35B0A6AB-66A3-4AB7-89A3-A6B9BA38FF3A}.Release|Win32.ActiveCfg = Release|Win32
		{35B0A6AB-66A3-4AB7-89A3-A6B9BA38FF3A}.Release|Win32.Build.0 = Release|Win32
		{35B0A6AB-66A3-4AB7-89A3-A6B9BA38FF3A}.MinSizeRel|Win32.ActiveCfg = MinSizeRel|Win32
		{35B0A6AB-66A3-4AB7-89A3-A6B9BA38FF3A}.MinSizeRel|Win32.Build.0 = MinSizeRel|Win32
		{35B0A6AB-66A3-4AB7-89A3-A6B9BA38FF3A}.RelWithDebInfo|Win32.ActiveCfg = RelWithDebInfo|Win32
		{35B0A6AB-66A3-4AB7-89A3-A6B9BA38FF3A}.RelWithDebInfo|Win32.Build.0 = RelWithDebInfo|Win32
		{29335FE2-E9F0-4CFD-BD9C-92A7BB187D70}.Debug|Win32.ActiveCfg = Debug|Win32
		{29335FE2-E9F0-4CFD-BD9C-92A7BB187D70}.Debug|Win32.Build.0 = Debug|Win32
		{29335FE2-E9F0-4CFD-BD9C-92A7BB187D70}.Release|Win32.ActiveCfg = Release|Win32
		{29335FE2-E9F0-4CFD-BD9C-92A7BB187D70}.Release|Win32.Build.0 = Release|Win32
		{29335FE2-E9F0-4CFD-BD9C-92A7BB187D70}.MinSizeRel|Win32.ActiveCfg = MinSizeRel|Win32
		{29335FE2-E9F0-4CFD-BD9C-92A7BB187D70}.MinSizeRel|Win32.Build.0 = MinSizeRel|Win32
		{29335FE2-E9F0-4CFD-BD9C-92A7BB187D70}.RelWithDebInfo|Win32.ActiveCfg = RelWithDebInfo|Win32
		{29335FE2-E9F0-4CFD-BD9C-92A7BB187D70}.RelWithDebInfo|Win32.Build.0 = RelWithDebInfo|Win32
	EndGlobalSection
	GlobalSection(ExtensibilityGlobals) = postSolution
	EndGlobalSection
	GlobalSection(ExtensibilityAddIns) = postSolution
	EndGlobalSection
EndGlobal
