
Microsoft Visual Studio Solution File, Format Version 10.00
# Visual Studio 2008
Project("{8BC9CEB8-8B4A-11D0-8D11-00A0C91BC942}") = "20_TransparentTexture", "20_TransparentTexture\20_TransparentTexture.vcproj", "{0AD301EF-022C-41A0-B06A-1CAF7E143385}"
EndProject
Project("{8BC9CEB8-8B4A-11D0-8D11-00A0C91BC942}") = "16_Fog", "16_Fog\16_Fog.vcproj", "{0399B400-B2F4-4183-A8AC-6A9A73F72D6B}"
EndProject
Project("{8BC9CEB8-8B4A-11D0-8D11-00A0C91BC942}") = "21_Lines", "21_Lines\21_Lines.vcproj", "{B8BA4DE7-1648-4FC8-9730-B3564F5D0697}"
EndProject
Project("{8BC9CEB8-8B4A-11D0-8D11-00A0C91BC942}") = "22_MultiTexture", "22_MultiTexture\22_MultiTexture.vcproj", "{F99E7E1E-F377-4A00-8334-652C0296116A}"
EndProject
Project("{8BC9CEB8-8B4A-11D0-8D11-00A0C91BC942}") = "23_SphereMap", "23_SphereMap\23_SphereMap.vcproj", "{6DD401E9-BF8D-42FF-9F11-1EFDB7440FDE}"
EndProject
Project("{8BC9CEB8-8B4A-11D0-8D11-00A0C91BC942}") = "24_TGA_Extension", "24_TGA_Extension\24_TGA_Extension.vcproj", "{665F5229-38A2-4354-8396-3FE64D1A2112}"
EndProject
Project("{8BC9CEB8-8B4A-11D0-8D11-00A0C91BC942}") = "25_Morph", "25_Morph\25_Morph.vcproj", "{CDCF6AC4-E866-4475-9EBD-FBE3EC00BF64}"
EndProject
Project("{8BC9CEB8-8B4A-11D0-8D11-00A0C91BC942}") = "26_StencilBuffer", "26_StencilBuffer\26_StencilBuffer.vcproj", "{049089A3-592F-429C-BB75-34A4190616B7}"
EndProject
Project("{8BC9CEB8-8B4A-11D0-8D11-00A0C91BC942}") = "08_Blend", "08_Blend\08_Blend.vcproj", "{D5FA10C2-6382-4898-8329-613AECD2E517}"
EndProject
Project("{8BC9CEB8-8B4A-11D0-8D11-00A0C91BC942}") = "13_Font", "13_Font\13_Font.vcproj", "{098E6739-D5B4-4A23-ACE4-383C4BCAB2E3}"
EndProject
Project("{8BC9CEB8-8B4A-11D0-8D11-00A0C91BC942}") = "14_3DFont", "14_3DFont\14_3DFont.vcproj", "{36FC3C9C-8891-4C6C-B906-AE527AAC01A3}"
EndProject
Project("{8BC9CEB8-8B4A-11D0-8D11-00A0C91BC942}") = "15_FontTexture", "15_FontTexture\15_FontTexture.vcproj", "{3AC5E082-9F08-4952-BEC2-1594719BA9C0}"
EndProject
Project("{8BC9CEB8-8B4A-11D0-8D11-00A0C91BC942}") = "27_Shadow", "27_Shadow\27_Shadow.vcproj", "{2288DE28-CA1B-4F46-A6B8-F0417211B099}"
EndProject
Project("{8BC9CEB8-8B4A-11D0-8D11-00A0C91BC942}") = "30_Collide", "30_Collide\30_Collide.vcproj", "{E907C62C-35C7-467D-B7E5-9E3ED8AC487A}"
EndProject
Project("{8BC9CEB8-8B4A-11D0-8D11-00A0C91BC942}") = "34_HeightMap", "34_HeightMap\34_HeightMap.vcproj", "{BB7A1CBD-4F6F-4767-B6AB-E10FF6E2788A}"
EndProject
Project("{8BC9CEB8-8B4A-11D0-8D11-00A0C91BC942}") = "41_VolumnFog", "41_VolumnFog\41_VolumnFog.vcproj", "{05CA79C7-08B0-4C06-A1F6-1E5B5AAD1670}"
EndProject
Project("{8BC9CEB8-8B4A-11D0-8D11-00A0C91BC942}") = "31_LoadMilkshapeFile", "31_LoadMilkshapeFile\31_LoadMilkshapeFile.vcproj", "{4B876113-2C12-40D4-B9CB-BE7981D6A207}"
EndProject
Global
	GlobalSection(SolutionConfigurationPlatforms) = preSolution
		Debug|Win32 = Debug|Win32
		Release|Win32 = Release|Win32
	EndGlobalSection
	GlobalSection(ProjectConfigurationPlatforms) = postSolution
		{0AD301EF-022C-41A0-B06A-1CAF7E143385}.Debug|Win32.ActiveCfg = Debug|Win32
		{0AD301EF-022C-41A0-B06A-1CAF7E143385}.Debug|Win32.Build.0 = Debug|Win32
		{0AD301EF-022C-41A0-B06A-1CAF7E143385}.Release|Win32.ActiveCfg = Release|Win32
		{0AD301EF-022C-41A0-B06A-1CAF7E143385}.Release|Win32.Build.0 = Release|Win32
		{0399B400-B2F4-4183-A8AC-6A9A73F72D6B}.Debug|Win32.ActiveCfg = Debug|Win32
		{0399B400-B2F4-4183-A8AC-6A9A73F72D6B}.Debug|Win32.Build.0 = Debug|Win32
		{0399B400-B2F4-4183-A8AC-6A9A73F72D6B}.Release|Win32.ActiveCfg = Release|Win32
		{0399B400-B2F4-4183-A8AC-6A9A73F72D6B}.Release|Win32.Build.0 = Release|Win32
		{B8BA4DE7-1648-4FC8-9730-B3564F5D0697}.Debug|Win32.ActiveCfg = Debug|Win32
		{B8BA4DE7-1648-4FC8-9730-B3564F5D0697}.Debug|Win32.Build.0 = Debug|Win32
		{B8BA4DE7-1648-4FC8-9730-B3564F5D0697}.Release|Win32.ActiveCfg = Release|Win32
		{B8BA4DE7-1648-4FC8-9730-B3564F5D0697}.Release|Win32.Build.0 = Release|Win32
		{F99E7E1E-F377-4A00-8334-652C0296116A}.Debug|Win32.ActiveCfg = Debug|Win32
		{F99E7E1E-F377-4A00-8334-652C0296116A}.Debug|Win32.Build.0 = Debug|Win32
		{F99E7E1E-F377-4A00-8334-652C0296116A}.Release|Win32.ActiveCfg = Release|Win32
		{F99E7E1E-F377-4A00-8334-652C0296116A}.Release|Win32.Build.0 = Release|Win32
		{6DD401E9-BF8D-42FF-9F11-1EFDB7440FDE}.Debug|Win32.ActiveCfg = Debug|Win32
		{6DD401E9-BF8D-42FF-9F11-1EFDB7440FDE}.Debug|Win32.Build.0 = Debug|Win32
		{6DD401E9-BF8D-42FF-9F11-1EFDB7440FDE}.Release|Win32.ActiveCfg = Release|Win32
		{6DD401E9-BF8D-42FF-9F11-1EFDB7440FDE}.Release|Win32.Build.0 = Release|Win32
		{665F5229-38A2-4354-8396-3FE64D1A2112}.Debug|Win32.ActiveCfg = Debug|Win32
		{665F5229-38A2-4354-8396-3FE64D1A2112}.Debug|Win32.Build.0 = Debug|Win32
		{665F5229-38A2-4354-8396-3FE64D1A2112}.Release|Win32.ActiveCfg = Release|Win32
		{665F5229-38A2-4354-8396-3FE64D1A2112}.Release|Win32.Build.0 = Release|Win32
		{CDCF6AC4-E866-4475-9EBD-FBE3EC00BF64}.Debug|Win32.ActiveCfg = Debug|Win32
		{CDCF6AC4-E866-4475-9EBD-FBE3EC00BF64}.Debug|Win32.Build.0 = Debug|Win32
		{CDCF6AC4-E866-4475-9EBD-FBE3EC00BF64}.Release|Win32.ActiveCfg = Release|Win32
		{CDCF6AC4-E866-4475-9EBD-FBE3EC00BF64}.Release|Win32.Build.0 = Release|Win32
		{049089A3-592F-429C-BB75-34A4190616B7}.Debug|Win32.ActiveCfg = Debug|Win32
		{049089A3-592F-429C-BB75-34A4190616B7}.Debug|Win32.Build.0 = Debug|Win32
		{049089A3-592F-429C-BB75-34A4190616B7}.Release|Win32.ActiveCfg = Release|Win32
		{049089A3-592F-429C-BB75-34A4190616B7}.Release|Win32.Build.0 = Release|Win32
		{D5FA10C2-6382-4898-8329-613AECD2E517}.Debug|Win32.ActiveCfg = Debug|Win32
		{D5FA10C2-6382-4898-8329-613AECD2E517}.Debug|Win32.Build.0 = Debug|Win32
		{D5FA10C2-6382-4898-8329-613AECD2E517}.Release|Win32.ActiveCfg = Release|Win32
		{D5FA10C2-6382-4898-8329-613AECD2E517}.Release|Win32.Build.0 = Release|Win32
		{098E6739-D5B4-4A23-ACE4-383C4BCAB2E3}.Debug|Win32.ActiveCfg = Debug|Win32
		{098E6739-D5B4-4A23-ACE4-383C4BCAB2E3}.Debug|Win32.Build.0 = Debug|Win32
		{098E6739-D5B4-4A23-ACE4-383C4BCAB2E3}.Release|Win32.ActiveCfg = Release|Win32
		{098E6739-D5B4-4A23-ACE4-383C4BCAB2E3}.Release|Win32.Build.0 = Release|Win32
		{36FC3C9C-8891-4C6C-B906-AE527AAC01A3}.Debug|Win32.ActiveCfg = Debug|Win32
		{36FC3C9C-8891-4C6C-B906-AE527AAC01A3}.Debug|Win32.Build.0 = Debug|Win32
		{36FC3C9C-8891-4C6C-B906-AE527AAC01A3}.Release|Win32.ActiveCfg = Release|Win32
		{36FC3C9C-8891-4C6C-B906-AE527AAC01A3}.Release|Win32.Build.0 = Release|Win32
		{3AC5E082-9F08-4952-BEC2-1594719BA9C0}.Debug|Win32.ActiveCfg = Debug|Win32
		{3AC5E082-9F08-4952-BEC2-1594719BA9C0}.Debug|Win32.Build.0 = Debug|Win32
		{3AC5E082-9F08-4952-BEC2-1594719BA9C0}.Release|Win32.ActiveCfg = Release|Win32
		{3AC5E082-9F08-4952-BEC2-1594719BA9C0}.Release|Win32.Build.0 = Release|Win32
		{2288DE28-CA1B-4F46-A6B8-F0417211B099}.Debug|Win32.ActiveCfg = Debug|Win32
		{2288DE28-CA1B-4F46-A6B8-F0417211B099}.Debug|Win32.Build.0 = Debug|Win32
		{2288DE28-CA1B-4F46-A6B8-F0417211B099}.Release|Win32.ActiveCfg = Release|Win32
		{2288DE28-CA1B-4F46-A6B8-F0417211B099}.Release|Win32.Build.0 = Release|Win32
		{E907C62C-35C7-467D-B7E5-9E3ED8AC487A}.Debug|Win32.ActiveCfg = Debug|Win32
		{E907C62C-35C7-467D-B7E5-9E3ED8AC487A}.Debug|Win32.Build.0 = Debug|Win32
		{E907C62C-35C7-467D-B7E5-9E3ED8AC487A}.Release|Win32.ActiveCfg = Release|Win32
		{E907C62C-35C7-467D-B7E5-9E3ED8AC487A}.Release|Win32.Build.0 = Release|Win32
		{BB7A1CBD-4F6F-4767-B6AB-E10FF6E2788A}.Debug|Win32.ActiveCfg = Debug|Win32
		{BB7A1CBD-4F6F-4767-B6AB-E10FF6E2788A}.Debug|Win32.Build.0 = Debug|Win32
		{BB7A1CBD-4F6F-4767-B6AB-E10FF6E2788A}.Release|Win32.ActiveCfg = Release|Win32
		{BB7A1CBD-4F6F-4767-B6AB-E10FF6E2788A}.Release|Win32.Build.0 = Release|Win32
		{05CA79C7-08B0-4C06-A1F6-1E5B5AAD1670}.Debug|Win32.ActiveCfg = Debug|Win32
		{05CA79C7-08B0-4C06-A1F6-1E5B5AAD1670}.Debug|Win32.Build.0 = Debug|Win32
		{05CA79C7-08B0-4C06-A1F6-1E5B5AAD1670}.Release|Win32.ActiveCfg = Release|Win32
		{05CA79C7-08B0-4C06-A1F6-1E5B5AAD1670}.Release|Win32.Build.0 = Release|Win32
		{4B876113-2C12-40D4-B9CB-BE7981D6A207}.Debug|Win32.ActiveCfg = Debug|Win32
		{4B876113-2C12-40D4-B9CB-BE7981D6A207}.Debug|Win32.Build.0 = Debug|Win32
		{4B876113-2C12-40D4-B9CB-BE7981D6A207}.Release|Win32.ActiveCfg = Release|Win32
		{4B876113-2C12-40D4-B9CB-BE7981D6A207}.Release|Win32.Build.0 = Release|Win32
	EndGlobalSection
	GlobalSection(SolutionProperties) = preSolution
		HideSolutionNode = FALSE
	EndGlobalSection
EndGlobal
