Microsoft Visual Studio Solution File, Format Version 10.00
# Visual Studio 2008
Project("{8BC9CEB8-8B4A-11D0-8D11-00A0C91BC942}") = "ALL_BUILD", "ALL_BUILD.vcproj", "{3A1E5449-FC6F-4889-890B-D2D49A78AFC6}"
	ProjectSection(ProjectDependencies) = postProject
		{DE91C8D8-53AD-4104-B88C-8CF123E3CB8F} = {DE91C8D8-53AD-4104-B88C-8CF123E3CB8F}
		{85BA2FC5-F9D3-413F-B882-76D6EAE433FB} = {85BA2FC5-F9D3-413F-B882-76D6EAE433FB}
		{DFE5E555-23FC-428A-84D2-824ADA021420} = {DFE5E555-23FC-428A-84D2-824ADA021420}
		{426F1B37-8D74-4A7E-B94D-3DC5AF492D6B} = {426F1B37-8D74-4A7E-B94D-3DC5AF492D6B}
		{6348CB90-C767-4E46-83FD-89321BB710DE} = {6348CB90-C767-4E46-83FD-89321BB710DE}
		{41DB3D3F-F4A8-4B9B-A017-A386DABD4057} = {41DB3D3F-F4A8-4B9B-A017-A386DABD4057}
		{C1E044C4-05EE-4FD4-BCAD-5A20B5FA2B49} = {C1E044C4-05EE-4FD4-BCAD-5A20B5FA2B49}
		{67D14130-AAEA-49DA-A906-4175E9371BBC} = {67D14130-AAEA-49DA-A906-4175E9371BBC}
		{9DCE3FC8-3BD9-4BAB-8B2F-6E76CB9AA8C4} = {9DCE3FC8-3BD9-4BAB-8B2F-6E76CB9AA8C4}
		{AF9D4A94-F0F1-4B86-9696-60597913B534} = {AF9D4A94-F0F1-4B86-9696-60597913B534}
		{1F08C025-2CF4-4321-A166-78C1C823F2C7} = {1F08C025-2CF4-4321-A166-78C1C823F2C7}
		{F1DFF31D-752D-4F25-9C16-07D78D4F02F9} = {F1DFF31D-752D-4F25-9C16-07D78D4F02F9}
		{62AC58A6-18BC-4686-BD31-9BA744B67D0A} = {62AC58A6-18BC-4686-BD31-9BA744B67D0A}
		{4DA865B7-9A27-4BA0-A284-EAC6F65FCE60} = {4DA865B7-9A27-4BA0-A284-EAC6F65FCE60}
		{52B9B644-8EA1-46AD-8B41-FBE5B90BBF80} = {52B9B644-8EA1-46AD-8B41-FBE5B90BBF80}
		{5191A1FD-9685-42B7-B5B3-E6F31563E5A6} = {5191A1FD-9685-42B7-B5B3-E6F31563E5A6}
		{32456271-C423-4A3D-AAF0-60BDB08681B2} = {32456271-C423-4A3D-AAF0-60BDB08681B2}
		{1083C6CC-AB96-4671-AD87-8C1F5243DFE8} = {1083C6CC-AB96-4671-AD87-8C1F5243DFE8}
		{5D08235E-D6C0-4E85-8F82-75B06172A935} = {5D08235E-D6C0-4E85-8F82-75B06172A935}
		{06CB73E9-8621-47D5-9B5E-A09C762E99C7} = {06CB73E9-8621-47D5-9B5E-A09C762E99C7}
		{0FAFD456-25DD-4A13-9B11-B61589ABB2E3} = {0FAFD456-25DD-4A13-9B11-B61589ABB2E3}
		{729464BB-0912-491C-9477-F953D1AECFD9} = {729464BB-0912-491C-9477-F953D1AECFD9}
		{452B6044-D578-4E40-9170-878A775D3297} = {452B6044-D578-4E40-9170-878A775D3297}
		{B9F00FAA-32E9-4A16-BA70-889DA77F2190} = {B9F00FAA-32E9-4A16-BA70-889DA77F2190}
		{288EA5A5-2250-44E5-BE58-0FFDEBADB580} = {288EA5A5-2250-44E5-BE58-0FFDEBADB580}
		{F8B82B3C-5E9E-4C5D-B578-1E85FC14F905} = {F8B82B3C-5E9E-4C5D-B578-1E85FC14F905}
		{A37935C0-78C1-4F06-9810-DAE8B710B35A} = {A37935C0-78C1-4F06-9810-DAE8B710B35A}
		{F659EF8E-DC4B-4FC2-BB74-40228E2DFB3C} = {F659EF8E-DC4B-4FC2-BB74-40228E2DFB3C}
		{713DC48E-7D34-42B5-9B08-FF3129416CAF} = {713DC48E-7D34-42B5-9B08-FF3129416CAF}
		{030E5076-1944-412C-97C6-E45108B7745C} = {030E5076-1944-412C-97C6-E45108B7745C}
		{01C4795A-6075-4752-8F31-D20195B1599D} = {01C4795A-6075-4752-8F31-D20195B1599D}
		{79EA3A94-A721-4D97-A565-66D8EABF5C23} = {79EA3A94-A721-4D97-A565-66D8EABF5C23}
		{4929511C-4556-4FA5-90BB-603B453FCC31} = {4929511C-4556-4FA5-90BB-603B453FCC31}
		{F111D2B7-2B89-407D-B5FC-2E6471DE27C8} = {F111D2B7-2B89-407D-B5FC-2E6471DE27C8}
		{FC4DADFA-5DFA-452D-8C14-76660BF67DEC} = {FC4DADFA-5DFA-452D-8C14-76660BF67DEC}
		{D717365D-E86B-428A-9589-42D53764F62E} = {D717365D-E86B-428A-9589-42D53764F62E}
		{DF61F190-F3CE-459D-99EB-51F7CDD9BF77} = {DF61F190-F3CE-459D-99EB-51F7CDD9BF77}
	EndProjectSection
EndProject
Project("{8BC9CEB8-8B4A-11D0-8D11-00A0C91BC942}") = "SampleBrowser", "Samples\Browser\SampleBrowser.vcproj", "{DE91C8D8-53AD-4104-B88C-8CF123E3CB8F}"
	ProjectSection(ProjectDependencies) = postProject
		{85BA2FC5-F9D3-413F-B882-76D6EAE433FB} = {85BA2FC5-F9D3-413F-B882-76D6EAE433FB}
		{DFE5E555-23FC-428A-84D2-824ADA021420} = {DFE5E555-23FC-428A-84D2-824ADA021420}
		{426F1B37-8D74-4A7E-B94D-3DC5AF492D6B} = {426F1B37-8D74-4A7E-B94D-3DC5AF492D6B}
		{6348CB90-C767-4E46-83FD-89321BB710DE} = {6348CB90-C767-4E46-83FD-89321BB710DE}
		{41DB3D3F-F4A8-4B9B-A017-A386DABD4057} = {41DB3D3F-F4A8-4B9B-A017-A386DABD4057}
		{C1E044C4-05EE-4FD4-BCAD-5A20B5FA2B49} = {C1E044C4-05EE-4FD4-BCAD-5A20B5FA2B49}
		{67D14130-AAEA-49DA-A906-4175E9371BBC} = {67D14130-AAEA-49DA-A906-4175E9371BBC}
		{9DCE3FC8-3BD9-4BAB-8B2F-6E76CB9AA8C4} = {9DCE3FC8-3BD9-4BAB-8B2F-6E76CB9AA8C4}
		{AF9D4A94-F0F1-4B86-9696-60597913B534} = {AF9D4A94-F0F1-4B86-9696-60597913B534}
		{1F08C025-2CF4-4321-A166-78C1C823F2C7} = {1F08C025-2CF4-4321-A166-78C1C823F2C7}
		{F1DFF31D-752D-4F25-9C16-07D78D4F02F9} = {F1DFF31D-752D-4F25-9C16-07D78D4F02F9}
		{62AC58A6-18BC-4686-BD31-9BA744B67D0A} = {62AC58A6-18BC-4686-BD31-9BA744B67D0A}
		{4DA865B7-9A27-4BA0-A284-EAC6F65FCE60} = {4DA865B7-9A27-4BA0-A284-EAC6F65FCE60}
		{52B9B644-8EA1-46AD-8B41-FBE5B90BBF80} = {52B9B644-8EA1-46AD-8B41-FBE5B90BBF80}
		{5191A1FD-9685-42B7-B5B3-E6F31563E5A6} = {5191A1FD-9685-42B7-B5B3-E6F31563E5A6}
		{32456271-C423-4A3D-AAF0-60BDB08681B2} = {32456271-C423-4A3D-AAF0-60BDB08681B2}
		{1083C6CC-AB96-4671-AD87-8C1F5243DFE8} = {1083C6CC-AB96-4671-AD87-8C1F5243DFE8}
		{5D08235E-D6C0-4E85-8F82-75B06172A935} = {5D08235E-D6C0-4E85-8F82-75B06172A935}
		{06CB73E9-8621-47D5-9B5E-A09C762E99C7} = {06CB73E9-8621-47D5-9B5E-A09C762E99C7}
		{0FAFD456-25DD-4A13-9B11-B61589ABB2E3} = {0FAFD456-25DD-4A13-9B11-B61589ABB2E3}
		{729464BB-0912-491C-9477-F953D1AECFD9} = {729464BB-0912-491C-9477-F953D1AECFD9}
		{452B6044-D578-4E40-9170-878A775D3297} = {452B6044-D578-4E40-9170-878A775D3297}
		{B9F00FAA-32E9-4A16-BA70-889DA77F2190} = {B9F00FAA-32E9-4A16-BA70-889DA77F2190}
		{288EA5A5-2250-44E5-BE58-0FFDEBADB580} = {288EA5A5-2250-44E5-BE58-0FFDEBADB580}
		{F8B82B3C-5E9E-4C5D-B578-1E85FC14F905} = {F8B82B3C-5E9E-4C5D-B578-1E85FC14F905}
		{A37935C0-78C1-4F06-9810-DAE8B710B35A} = {A37935C0-78C1-4F06-9810-DAE8B710B35A}
		{F659EF8E-DC4B-4FC2-BB74-40228E2DFB3C} = {F659EF8E-DC4B-4FC2-BB74-40228E2DFB3C}
		{713DC48E-7D34-42B5-9B08-FF3129416CAF} = {713DC48E-7D34-42B5-9B08-FF3129416CAF}
		{030E5076-1944-412C-97C6-E45108B7745C} = {030E5076-1944-412C-97C6-E45108B7745C}
		{01C4795A-6075-4752-8F31-D20195B1599D} = {01C4795A-6075-4752-8F31-D20195B1599D}
		{79EA3A94-A721-4D97-A565-66D8EABF5C23} = {79EA3A94-A721-4D97-A565-66D8EABF5C23}
		{4929511C-4556-4FA5-90BB-603B453FCC31} = {4929511C-4556-4FA5-90BB-603B453FCC31}
		{F111D2B7-2B89-407D-B5FC-2E6471DE27C8} = {F111D2B7-2B89-407D-B5FC-2E6471DE27C8}
		{FC4DADFA-5DFA-452D-8C14-76660BF67DEC} = {FC4DADFA-5DFA-452D-8C14-76660BF67DEC}
		{D717365D-E86B-428A-9589-42D53764F62E} = {D717365D-E86B-428A-9589-42D53764F62E}
		{DF61F190-F3CE-459D-99EB-51F7CDD9BF77} = {DF61F190-F3CE-459D-99EB-51F7CDD9BF77}
	EndProjectSection
EndProject
Project("{8BC9CEB8-8B4A-11D0-8D11-00A0C91BC942}") = "Sample_BSP", "Samples\BSP\Sample_BSP.vcproj", "{85BA2FC5-F9D3-413F-B882-76D6EAE433FB}"
	ProjectSection(ProjectDependencies) = postProject
	EndProjectSection
EndProject
Project("{8BC9CEB8-8B4A-11D0-8D11-00A0C91BC942}") = "Sample_BezierPatch", "Samples\BezierPatch\Sample_BezierPatch.vcproj", "{DFE5E555-23FC-428A-84D2-824ADA021420}"
	ProjectSection(ProjectDependencies) = postProject
	EndProjectSection
EndProject
Project("{8BC9CEB8-8B4A-11D0-8D11-00A0C91BC942}") = "Sample_CameraTrack", "Samples\CameraTrack\Sample_CameraTrack.vcproj", "{426F1B37-8D74-4A7E-B94D-3DC5AF492D6B}"
	ProjectSection(ProjectDependencies) = postProject
	EndProjectSection
EndProject
Project("{8BC9CEB8-8B4A-11D0-8D11-00A0C91BC942}") = "Sample_CelShading", "Samples\CelShading\Sample_CelShading.vcproj", "{6348CB90-C767-4E46-83FD-89321BB710DE}"
	ProjectSection(ProjectDependencies) = postProject
	EndProjectSection
EndProject
Project("{8BC9CEB8-8B4A-11D0-8D11-00A0C91BC942}") = "Sample_Character", "Samples\Character\Sample_Character.vcproj", "{41DB3D3F-F4A8-4B9B-A017-A386DABD4057}"
	ProjectSection(ProjectDependencies) = postProject
	EndProjectSection
EndProject
Project("{8BC9CEB8-8B4A-11D0-8D11-00A0C91BC942}") = "Sample_Compositor", "Samples\Compositor\Sample_Compositor.vcproj", "{C1E044C4-05EE-4FD4-BCAD-5A20B5FA2B49}"
	ProjectSection(ProjectDependencies) = postProject
	EndProjectSection
EndProject
Project("{8BC9CEB8-8B4A-11D0-8D11-00A0C91BC942}") = "Sample_CubeMapping", "Samples\CubeMapping\Sample_CubeMapping.vcproj", "{67D14130-AAEA-49DA-A906-4175E9371BBC}"
	ProjectSection(ProjectDependencies) = postProject
	EndProjectSection
EndProject
Project("{8BC9CEB8-8B4A-11D0-8D11-00A0C91BC942}") = "Sample_DeferredShading", "Samples\DeferredShading\Sample_DeferredShading.vcproj", "{9DCE3FC8-3BD9-4BAB-8B2F-6E76CB9AA8C4}"
	ProjectSection(ProjectDependencies) = postProject
	EndProjectSection
EndProject
Project("{8BC9CEB8-8B4A-11D0-8D11-00A0C91BC942}") = "Sample_Dot3Bump", "Samples\Dot3Bump\Sample_Dot3Bump.vcproj", "{AF9D4A94-F0F1-4B86-9696-60597913B534}"
	ProjectSection(ProjectDependencies) = postProject
	EndProjectSection
EndProject
Project("{8BC9CEB8-8B4A-11D0-8D11-00A0C91BC942}") = "Sample_DualQuaternion", "Samples\DualQuaternion\Sample_DualQuaternion.vcproj", "{1F08C025-2CF4-4321-A166-78C1C823F2C7}"
	ProjectSection(ProjectDependencies) = postProject
	EndProjectSection
EndProject
Project("{8BC9CEB8-8B4A-11D0-8D11-00A0C91BC942}") = "Sample_DynTex", "Samples\DynTex\Sample_DynTex.vcproj", "{F1DFF31D-752D-4F25-9C16-07D78D4F02F9}"
	ProjectSection(ProjectDependencies) = postProject
	EndProjectSection
EndProject
Project("{8BC9CEB8-8B4A-11D0-8D11-00A0C91BC942}") = "Sample_FacialAnimation", "Samples\FacialAnimation\Sample_FacialAnimation.vcproj", "{62AC58A6-18BC-4686-BD31-9BA744B67D0A}"
	ProjectSection(ProjectDependencies) = postProject
	EndProjectSection
EndProject
Project("{8BC9CEB8-8B4A-11D0-8D11-00A0C91BC942}") = "Sample_Fresnel", "Samples\Fresnel\Sample_Fresnel.vcproj", "{4DA865B7-9A27-4BA0-A284-EAC6F65FCE60}"
	ProjectSection(ProjectDependencies) = postProject
	EndProjectSection
EndProject
Project("{8BC9CEB8-8B4A-11D0-8D11-00A0C91BC942}") = "Sample_Grass", "Samples\Grass\Sample_Grass.vcproj", "{52B9B644-8EA1-46AD-8B41-FBE5B90BBF80}"
	ProjectSection(ProjectDependencies) = postProject
	EndProjectSection
EndProject
Project("{8BC9CEB8-8B4A-11D0-8D11-00A0C91BC942}") = "Sample_Instancing", "Samples\Instancing\Sample_Instancing.vcproj", "{5191A1FD-9685-42B7-B5B3-E6F31563E5A6}"
	ProjectSection(ProjectDependencies) = postProject
	EndProjectSection
EndProject
Project("{8BC9CEB8-8B4A-11D0-8D11-00A0C91BC942}") = "Sample_Isosurf", "Samples\Isosurf\Sample_Isosurf.vcproj", "{32456271-C423-4A3D-AAF0-60BDB08681B2}"
	ProjectSection(ProjectDependencies) = postProject
	EndProjectSection
EndProject
Project("{8BC9CEB8-8B4A-11D0-8D11-00A0C91BC942}") = "Sample_Lighting", "Samples\Lighting\Sample_Lighting.vcproj", "{1083C6CC-AB96-4671-AD87-8C1F5243DFE8}"
	ProjectSection(ProjectDependencies) = postProject
	EndProjectSection
EndProject
Project("{8BC9CEB8-8B4A-11D0-8D11-00A0C91BC942}") = "Sample_NewInstancing", "Samples\NewInstancing\Sample_NewInstancing.vcproj", "{5D08235E-D6C0-4E85-8F82-75B06172A935}"
	ProjectSection(ProjectDependencies) = postProject
	EndProjectSection
EndProject
Project("{8BC9CEB8-8B4A-11D0-8D11-00A0C91BC942}") = "Sample_Ocean", "Samples\OceanDemo\Sample_Ocean.vcproj", "{06CB73E9-8621-47D5-9B5E-A09C762E99C7}"
	ProjectSection(ProjectDependencies) = postProject
	EndProjectSection
EndProject
Project("{8BC9CEB8-8B4A-11D0-8D11-00A0C91BC942}") = "Sample_ParticleFX", "Samples\ParticleFX\Sample_ParticleFX.vcproj", "{0FAFD456-25DD-4A13-9B11-B61589ABB2E3}"
	ProjectSection(ProjectDependencies) = postProject
	EndProjectSection
EndProject
Project("{8BC9CEB8-8B4A-11D0-8D11-00A0C91BC942}") = "Sample_ParticleGS", "Samples\ParticleGS\Sample_ParticleGS.vcproj", "{729464BB-0912-491C-9477-F953D1AECFD9}"
	ProjectSection(ProjectDependencies) = postProject
	EndProjectSection
EndProject
Project("{8BC9CEB8-8B4A-11D0-8D11-00A0C91BC942}") = "Sample_SSAO", "Samples\SSAO\Sample_SSAO.vcproj", "{452B6044-D578-4E40-9170-878A775D3297}"
	ProjectSection(ProjectDependencies) = postProject
	EndProjectSection
EndProject
Project("{8BC9CEB8-8B4A-11D0-8D11-00A0C91BC942}") = "Sample_ShaderSystem", "Samples\ShaderSystem\Sample_ShaderSystem.vcproj", "{B9F00FAA-32E9-4A16-BA70-889DA77F2190}"
	ProjectSection(ProjectDependencies) = postProject
	EndProjectSection
EndProject
Project("{8BC9CEB8-8B4A-11D0-8D11-00A0C91BC942}") = "Sample_Shadows", "Samples\Shadows\Sample_Shadows.vcproj", "{288EA5A5-2250-44E5-BE58-0FFDEBADB580}"
	ProjectSection(ProjectDependencies) = postProject
	EndProjectSection
EndProject
Project("{8BC9CEB8-8B4A-11D0-8D11-00A0C91BC942}") = "Sample_SkeletalAnimation", "Samples\SkeletalAnimation\Sample_SkeletalAnimation.vcproj", "{F8B82B3C-5E9E-4C5D-B578-1E85FC14F905}"
	ProjectSection(ProjectDependencies) = postProject
	EndProjectSection
EndProject
Project("{8BC9CEB8-8B4A-11D0-8D11-00A0C91BC942}") = "Sample_SkyBox", "Samples\SkyBox\Sample_SkyBox.vcproj", "{A37935C0-78C1-4F06-9810-DAE8B710B35A}"
	ProjectSection(ProjectDependencies) = postProject
	EndProjectSection
EndProject
Project("{8BC9CEB8-8B4A-11D0-8D11-00A0C91BC942}") = "Sample_SkyDome", "Samples\SkyDome\Sample_SkyDome.vcproj", "{F659EF8E-DC4B-4FC2-BB74-40228E2DFB3C}"
	ProjectSection(ProjectDependencies) = postProject
	EndProjectSection
EndProject
Project("{8BC9CEB8-8B4A-11D0-8D11-00A0C91BC942}") = "Sample_SkyPlane", "Samples\SkyPlane\Sample_SkyPlane.vcproj", "{713DC48E-7D34-42B5-9B08-FF3129416CAF}"
	ProjectSection(ProjectDependencies) = postProject
	EndProjectSection
EndProject
Project("{8BC9CEB8-8B4A-11D0-8D11-00A0C91BC942}") = "Sample_Smoke", "Samples\Smoke\Sample_Smoke.vcproj", "{030E5076-1944-412C-97C6-E45108B7745C}"
	ProjectSection(ProjectDependencies) = postProject
	EndProjectSection
EndProject
Project("{8BC9CEB8-8B4A-11D0-8D11-00A0C91BC942}") = "Sample_SphereMapping", "Samples\SphereMapping\Sample_SphereMapping.vcproj", "{01C4795A-6075-4752-8F31-D20195B1599D}"
	ProjectSection(ProjectDependencies) = postProject
	EndProjectSection
EndProject
Project("{8BC9CEB8-8B4A-11D0-8D11-00A0C91BC942}") = "Sample_Terrain", "Samples\Terrain\Sample_Terrain.vcproj", "{79EA3A94-A721-4D97-A565-66D8EABF5C23}"
	ProjectSection(ProjectDependencies) = postProject
	EndProjectSection
EndProject
Project("{8BC9CEB8-8B4A-11D0-8D11-00A0C91BC942}") = "Sample_TextureArray", "Samples\TextureArray\Sample_TextureArray.vcproj", "{4929511C-4556-4FA5-90BB-603B453FCC31}"
	ProjectSection(ProjectDependencies) = postProject
	EndProjectSection
EndProject
Project("{8BC9CEB8-8B4A-11D0-8D11-00A0C91BC942}") = "Sample_TextureFX", "Samples\TextureFX\Sample_TextureFX.vcproj", "{F111D2B7-2B89-407D-B5FC-2E6471DE27C8}"
	ProjectSection(ProjectDependencies) = postProject
	EndProjectSection
EndProject
Project("{8BC9CEB8-8B4A-11D0-8D11-00A0C91BC942}") = "Sample_Transparency", "Samples\Transparency\Sample_Transparency.vcproj", "{FC4DADFA-5DFA-452D-8C14-76660BF67DEC}"
	ProjectSection(ProjectDependencies) = postProject
	EndProjectSection
EndProject
Project("{8BC9CEB8-8B4A-11D0-8D11-00A0C91BC942}") = "Sample_VolumeTex", "Samples\VolumeTex\Sample_VolumeTex.vcproj", "{D717365D-E86B-428A-9589-42D53764F62E}"
	ProjectSection(ProjectDependencies) = postProject
	EndProjectSection
EndProject
Project("{8BC9CEB8-8B4A-11D0-8D11-00A0C91BC942}") = "Sample_Water", "Samples\Water\Sample_Water.vcproj", "{DF61F190-F3CE-459D-99EB-51F7CDD9BF77}"
	ProjectSection(ProjectDependencies) = postProject
	EndProjectSection
EndProject
Global
	GlobalSection(SolutionConfigurationPlatforms) = preSolution
		Debug|Win32 = Debug|Win32
		Release|Win32 = Release|Win32
	EndGlobalSection
	GlobalSection(ProjectConfigurationPlatforms) = postSolution
		{3A1E5449-FC6F-4889-890B-D2D49A78AFC6}.Debug|Win32.ActiveCfg = Debug|Win32
		{3A1E5449-FC6F-4889-890B-D2D49A78AFC6}.Release|Win32.ActiveCfg = Release|Win32
		{DE91C8D8-53AD-4104-B88C-8CF123E3CB8F}.Debug|Win32.ActiveCfg = Debug|Win32
		{DE91C8D8-53AD-4104-B88C-8CF123E3CB8F}.Debug|Win32.Build.0 = Debug|Win32
		{DE91C8D8-53AD-4104-B88C-8CF123E3CB8F}.Release|Win32.ActiveCfg = Release|Win32
		{DE91C8D8-53AD-4104-B88C-8CF123E3CB8F}.Release|Win32.Build.0 = Release|Win32
		{85BA2FC5-F9D3-413F-B882-76D6EAE433FB}.Debug|Win32.ActiveCfg = Debug|Win32
		{85BA2FC5-F9D3-413F-B882-76D6EAE433FB}.Debug|Win32.Build.0 = Debug|Win32
		{85BA2FC5-F9D3-413F-B882-76D6EAE433FB}.Release|Win32.ActiveCfg = Release|Win32
		{85BA2FC5-F9D3-413F-B882-76D6EAE433FB}.Release|Win32.Build.0 = Release|Win32
		{DFE5E555-23FC-428A-84D2-824ADA021420}.Debug|Win32.ActiveCfg = Debug|Win32
		{DFE5E555-23FC-428A-84D2-824ADA021420}.Debug|Win32.Build.0 = Debug|Win32
		{DFE5E555-23FC-428A-84D2-824ADA021420}.Release|Win32.ActiveCfg = Release|Win32
		{DFE5E555-23FC-428A-84D2-824ADA021420}.Release|Win32.Build.0 = Release|Win32
		{426F1B37-8D74-4A7E-B94D-3DC5AF492D6B}.Debug|Win32.ActiveCfg = Debug|Win32
		{426F1B37-8D74-4A7E-B94D-3DC5AF492D6B}.Debug|Win32.Build.0 = Debug|Win32
		{426F1B37-8D74-4A7E-B94D-3DC5AF492D6B}.Release|Win32.ActiveCfg = Release|Win32
		{426F1B37-8D74-4A7E-B94D-3DC5AF492D6B}.Release|Win32.Build.0 = Release|Win32
		{6348CB90-C767-4E46-83FD-89321BB710DE}.Debug|Win32.ActiveCfg = Debug|Win32
		{6348CB90-C767-4E46-83FD-89321BB710DE}.Debug|Win32.Build.0 = Debug|Win32
		{6348CB90-C767-4E46-83FD-89321BB710DE}.Release|Win32.ActiveCfg = Release|Win32
		{6348CB90-C767-4E46-83FD-89321BB710DE}.Release|Win32.Build.0 = Release|Win32
		{41DB3D3F-F4A8-4B9B-A017-A386DABD4057}.Debug|Win32.ActiveCfg = Debug|Win32
		{41DB3D3F-F4A8-4B9B-A017-A386DABD4057}.Debug|Win32.Build.0 = Debug|Win32
		{41DB3D3F-F4A8-4B9B-A017-A386DABD4057}.Release|Win32.ActiveCfg = Release|Win32
		{41DB3D3F-F4A8-4B9B-A017-A386DABD4057}.Release|Win32.Build.0 = Release|Win32
		{C1E044C4-05EE-4FD4-BCAD-5A20B5FA2B49}.Debug|Win32.ActiveCfg = Debug|Win32
		{C1E044C4-05EE-4FD4-BCAD-5A20B5FA2B49}.Debug|Win32.Build.0 = Debug|Win32
		{C1E044C4-05EE-4FD4-BCAD-5A20B5FA2B49}.Release|Win32.ActiveCfg = Release|Win32
		{C1E044C4-05EE-4FD4-BCAD-5A20B5FA2B49}.Release|Win32.Build.0 = Release|Win32
		{67D14130-AAEA-49DA-A906-4175E9371BBC}.Debug|Win32.ActiveCfg = Debug|Win32
		{67D14130-AAEA-49DA-A906-4175E9371BBC}.Debug|Win32.Build.0 = Debug|Win32
		{67D14130-AAEA-49DA-A906-4175E9371BBC}.Release|Win32.ActiveCfg = Release|Win32
		{67D14130-AAEA-49DA-A906-4175E9371BBC}.Release|Win32.Build.0 = Release|Win32
		{9DCE3FC8-3BD9-4BAB-8B2F-6E76CB9AA8C4}.Debug|Win32.ActiveCfg = Debug|Win32
		{9DCE3FC8-3BD9-4BAB-8B2F-6E76CB9AA8C4}.Debug|Win32.Build.0 = Debug|Win32
		{9DCE3FC8-3BD9-4BAB-8B2F-6E76CB9AA8C4}.Release|Win32.ActiveCfg = Release|Win32
		{9DCE3FC8-3BD9-4BAB-8B2F-6E76CB9AA8C4}.Release|Win32.Build.0 = Release|Win32
		{AF9D4A94-F0F1-4B86-9696-60597913B534}.Debug|Win32.ActiveCfg = Debug|Win32
		{AF9D4A94-F0F1-4B86-9696-60597913B534}.Debug|Win32.Build.0 = Debug|Win32
		{AF9D4A94-F0F1-4B86-9696-60597913B534}.Release|Win32.ActiveCfg = Release|Win32
		{AF9D4A94-F0F1-4B86-9696-60597913B534}.Release|Win32.Build.0 = Release|Win32
		{1F08C025-2CF4-4321-A166-78C1C823F2C7}.Debug|Win32.ActiveCfg = Debug|Win32
		{1F08C025-2CF4-4321-A166-78C1C823F2C7}.Debug|Win32.Build.0 = Debug|Win32
		{1F08C025-2CF4-4321-A166-78C1C823F2C7}.Release|Win32.ActiveCfg = Release|Win32
		{1F08C025-2CF4-4321-A166-78C1C823F2C7}.Release|Win32.Build.0 = Release|Win32
		{F1DFF31D-752D-4F25-9C16-07D78D4F02F9}.Debug|Win32.ActiveCfg = Debug|Win32
		{F1DFF31D-752D-4F25-9C16-07D78D4F02F9}.Debug|Win32.Build.0 = Debug|Win32
		{F1DFF31D-752D-4F25-9C16-07D78D4F02F9}.Release|Win32.ActiveCfg = Release|Win32
		{F1DFF31D-752D-4F25-9C16-07D78D4F02F9}.Release|Win32.Build.0 = Release|Win32
		{62AC58A6-18BC-4686-BD31-9BA744B67D0A}.Debug|Win32.ActiveCfg = Debug|Win32
		{62AC58A6-18BC-4686-BD31-9BA744B67D0A}.Debug|Win32.Build.0 = Debug|Win32
		{62AC58A6-18BC-4686-BD31-9BA744B67D0A}.Release|Win32.ActiveCfg = Release|Win32
		{62AC58A6-18BC-4686-BD31-9BA744B67D0A}.Release|Win32.Build.0 = Release|Win32
		{4DA865B7-9A27-4BA0-A284-EAC6F65FCE60}.Debug|Win32.ActiveCfg = Debug|Win32
		{4DA865B7-9A27-4BA0-A284-EAC6F65FCE60}.Debug|Win32.Build.0 = Debug|Win32
		{4DA865B7-9A27-4BA0-A284-EAC6F65FCE60}.Release|Win32.ActiveCfg = Release|Win32
		{4DA865B7-9A27-4BA0-A284-EAC6F65FCE60}.Release|Win32.Build.0 = Release|Win32
		{52B9B644-8EA1-46AD-8B41-FBE5B90BBF80}.Debug|Win32.ActiveCfg = Debug|Win32
		{52B9B644-8EA1-46AD-8B41-FBE5B90BBF80}.Debug|Win32.Build.0 = Debug|Win32
		{52B9B644-8EA1-46AD-8B41-FBE5B90BBF80}.Release|Win32.ActiveCfg = Release|Win32
		{52B9B644-8EA1-46AD-8B41-FBE5B90BBF80}.Release|Win32.Build.0 = Release|Win32
		{5191A1FD-9685-42B7-B5B3-E6F31563E5A6}.Debug|Win32.ActiveCfg = Debug|Win32
		{5191A1FD-9685-42B7-B5B3-E6F31563E5A6}.Debug|Win32.Build.0 = Debug|Win32
		{5191A1FD-9685-42B7-B5B3-E6F31563E5A6}.Release|Win32.ActiveCfg = Release|Win32
		{5191A1FD-9685-42B7-B5B3-E6F31563E5A6}.Release|Win32.Build.0 = Release|Win32
		{32456271-C423-4A3D-AAF0-60BDB08681B2}.Debug|Win32.ActiveCfg = Debug|Win32
		{32456271-C423-4A3D-AAF0-60BDB08681B2}.Debug|Win32.Build.0 = Debug|Win32
		{32456271-C423-4A3D-AAF0-60BDB08681B2}.Release|Win32.ActiveCfg = Release|Win32
		{32456271-C423-4A3D-AAF0-60BDB08681B2}.Release|Win32.Build.0 = Release|Win32
		{1083C6CC-AB96-4671-AD87-8C1F5243DFE8}.Debug|Win32.ActiveCfg = Debug|Win32
		{1083C6CC-AB96-4671-AD87-8C1F5243DFE8}.Debug|Win32.Build.0 = Debug|Win32
		{1083C6CC-AB96-4671-AD87-8C1F5243DFE8}.Release|Win32.ActiveCfg = Release|Win32
		{1083C6CC-AB96-4671-AD87-8C1F5243DFE8}.Release|Win32.Build.0 = Release|Win32
		{5D08235E-D6C0-4E85-8F82-75B06172A935}.Debug|Win32.ActiveCfg = Debug|Win32
		{5D08235E-D6C0-4E85-8F82-75B06172A935}.Debug|Win32.Build.0 = Debug|Win32
		{5D08235E-D6C0-4E85-8F82-75B06172A935}.Release|Win32.ActiveCfg = Release|Win32
		{5D08235E-D6C0-4E85-8F82-75B06172A935}.Release|Win32.Build.0 = Release|Win32
		{06CB73E9-8621-47D5-9B5E-A09C762E99C7}.Debug|Win32.ActiveCfg = Debug|Win32
		{06CB73E9-8621-47D5-9B5E-A09C762E99C7}.Debug|Win32.Build.0 = Debug|Win32
		{06CB73E9-8621-47D5-9B5E-A09C762E99C7}.Release|Win32.ActiveCfg = Release|Win32
		{06CB73E9-8621-47D5-9B5E-A09C762E99C7}.Release|Win32.Build.0 = Release|Win32
		{0FAFD456-25DD-4A13-9B11-B61589ABB2E3}.Debug|Win32.ActiveCfg = Debug|Win32
		{0FAFD456-25DD-4A13-9B11-B61589ABB2E3}.Debug|Win32.Build.0 = Debug|Win32
		{0FAFD456-25DD-4A13-9B11-B61589ABB2E3}.Release|Win32.ActiveCfg = Release|Win32
		{0FAFD456-25DD-4A13-9B11-B61589ABB2E3}.Release|Win32.Build.0 = Release|Win32
		{729464BB-0912-491C-9477-F953D1AECFD9}.Debug|Win32.ActiveCfg = Debug|Win32
		{729464BB-0912-491C-9477-F953D1AECFD9}.Debug|Win32.Build.0 = Debug|Win32
		{729464BB-0912-491C-9477-F953D1AECFD9}.Release|Win32.ActiveCfg = Release|Win32
		{729464BB-0912-491C-9477-F953D1AECFD9}.Release|Win32.Build.0 = Release|Win32
		{452B6044-D578-4E40-9170-878A775D3297}.Debug|Win32.ActiveCfg = Debug|Win32
		{452B6044-D578-4E40-9170-878A775D3297}.Debug|Win32.Build.0 = Debug|Win32
		{452B6044-D578-4E40-9170-878A775D3297}.Release|Win32.ActiveCfg = Release|Win32
		{452B6044-D578-4E40-9170-878A775D3297}.Release|Win32.Build.0 = Release|Win32
		{B9F00FAA-32E9-4A16-BA70-889DA77F2190}.Debug|Win32.ActiveCfg = Debug|Win32
		{B9F00FAA-32E9-4A16-BA70-889DA77F2190}.Debug|Win32.Build.0 = Debug|Win32
		{B9F00FAA-32E9-4A16-BA70-889DA77F2190}.Release|Win32.ActiveCfg = Release|Win32
		{B9F00FAA-32E9-4A16-BA70-889DA77F2190}.Release|Win32.Build.0 = Release|Win32
		{288EA5A5-2250-44E5-BE58-0FFDEBADB580}.Debug|Win32.ActiveCfg = Debug|Win32
		{288EA5A5-2250-44E5-BE58-0FFDEBADB580}.Debug|Win32.Build.0 = Debug|Win32
		{288EA5A5-2250-44E5-BE58-0FFDEBADB580}.Release|Win32.ActiveCfg = Release|Win32
		{288EA5A5-2250-44E5-BE58-0FFDEBADB580}.Release|Win32.Build.0 = Release|Win32
		{F8B82B3C-5E9E-4C5D-B578-1E85FC14F905}.Debug|Win32.ActiveCfg = Debug|Win32
		{F8B82B3C-5E9E-4C5D-B578-1E85FC14F905}.Debug|Win32.Build.0 = Debug|Win32
		{F8B82B3C-5E9E-4C5D-B578-1E85FC14F905}.Release|Win32.ActiveCfg = Release|Win32
		{F8B82B3C-5E9E-4C5D-B578-1E85FC14F905}.Release|Win32.Build.0 = Release|Win32
		{A37935C0-78C1-4F06-9810-DAE8B710B35A}.Debug|Win32.ActiveCfg = Debug|Win32
		{A37935C0-78C1-4F06-9810-DAE8B710B35A}.Debug|Win32.Build.0 = Debug|Win32
		{A37935C0-78C1-4F06-9810-DAE8B710B35A}.Release|Win32.ActiveCfg = Release|Win32
		{A37935C0-78C1-4F06-9810-DAE8B710B35A}.Release|Win32.Build.0 = Release|Win32
		{F659EF8E-DC4B-4FC2-BB74-40228E2DFB3C}.Debug|Win32.ActiveCfg = Debug|Win32
		{F659EF8E-DC4B-4FC2-BB74-40228E2DFB3C}.Debug|Win32.Build.0 = Debug|Win32
		{F659EF8E-DC4B-4FC2-BB74-40228E2DFB3C}.Release|Win32.ActiveCfg = Release|Win32
		{F659EF8E-DC4B-4FC2-BB74-40228E2DFB3C}.Release|Win32.Build.0 = Release|Win32
		{713DC48E-7D34-42B5-9B08-FF3129416CAF}.Debug|Win32.ActiveCfg = Debug|Win32
		{713DC48E-7D34-42B5-9B08-FF3129416CAF}.Debug|Win32.Build.0 = Debug|Win32
		{713DC48E-7D34-42B5-9B08-FF3129416CAF}.Release|Win32.ActiveCfg = Release|Win32
		{713DC48E-7D34-42B5-9B08-FF3129416CAF}.Release|Win32.Build.0 = Release|Win32
		{030E5076-1944-412C-97C6-E45108B7745C}.Debug|Win32.ActiveCfg = Debug|Win32
		{030E5076-1944-412C-97C6-E45108B7745C}.Debug|Win32.Build.0 = Debug|Win32
		{030E5076-1944-412C-97C6-E45108B7745C}.Release|Win32.ActiveCfg = Release|Win32
		{030E5076-1944-412C-97C6-E45108B7745C}.Release|Win32.Build.0 = Release|Win32
		{01C4795A-6075-4752-8F31-D20195B1599D}.Debug|Win32.ActiveCfg = Debug|Win32
		{01C4795A-6075-4752-8F31-D20195B1599D}.Debug|Win32.Build.0 = Debug|Win32
		{01C4795A-6075-4752-8F31-D20195B1599D}.Release|Win32.ActiveCfg = Release|Win32
		{01C4795A-6075-4752-8F31-D20195B1599D}.Release|Win32.Build.0 = Release|Win32
		{79EA3A94-A721-4D97-A565-66D8EABF5C23}.Debug|Win32.ActiveCfg = Debug|Win32
		{79EA3A94-A721-4D97-A565-66D8EABF5C23}.Debug|Win32.Build.0 = Debug|Win32
		{79EA3A94-A721-4D97-A565-66D8EABF5C23}.Release|Win32.ActiveCfg = Release|Win32
		{79EA3A94-A721-4D97-A565-66D8EABF5C23}.Release|Win32.Build.0 = Release|Win32
		{4929511C-4556-4FA5-90BB-603B453FCC31}.Debug|Win32.ActiveCfg = Debug|Win32
		{4929511C-4556-4FA5-90BB-603B453FCC31}.Debug|Win32.Build.0 = Debug|Win32
		{4929511C-4556-4FA5-90BB-603B453FCC31}.Release|Win32.ActiveCfg = Release|Win32
		{4929511C-4556-4FA5-90BB-603B453FCC31}.Release|Win32.Build.0 = Release|Win32
		{F111D2B7-2B89-407D-B5FC-2E6471DE27C8}.Debug|Win32.ActiveCfg = Debug|Win32
		{F111D2B7-2B89-407D-B5FC-2E6471DE27C8}.Debug|Win32.Build.0 = Debug|Win32
		{F111D2B7-2B89-407D-B5FC-2E6471DE27C8}.Release|Win32.ActiveCfg = Release|Win32
		{F111D2B7-2B89-407D-B5FC-2E6471DE27C8}.Release|Win32.Build.0 = Release|Win32
		{FC4DADFA-5DFA-452D-8C14-76660BF67DEC}.Debug|Win32.ActiveCfg = Debug|Win32
		{FC4DADFA-5DFA-452D-8C14-76660BF67DEC}.Debug|Win32.Build.0 = Debug|Win32
		{FC4DADFA-5DFA-452D-8C14-76660BF67DEC}.Release|Win32.ActiveCfg = Release|Win32
		{FC4DADFA-5DFA-452D-8C14-76660BF67DEC}.Release|Win32.Build.0 = Release|Win32
		{D717365D-E86B-428A-9589-42D53764F62E}.Debug|Win32.ActiveCfg = Debug|Win32
		{D717365D-E86B-428A-9589-42D53764F62E}.Debug|Win32.Build.0 = Debug|Win32
		{D717365D-E86B-428A-9589-42D53764F62E}.Release|Win32.ActiveCfg = Release|Win32
		{D717365D-E86B-428A-9589-42D53764F62E}.Release|Win32.Build.0 = Release|Win32
		{DF61F190-F3CE-459D-99EB-51F7CDD9BF77}.Debug|Win32.ActiveCfg = Debug|Win32
		{DF61F190-F3CE-459D-99EB-51F7CDD9BF77}.Debug|Win32.Build.0 = Debug|Win32
		{DF61F190-F3CE-459D-99EB-51F7CDD9BF77}.Release|Win32.ActiveCfg = Release|Win32
		{DF61F190-F3CE-459D-99EB-51F7CDD9BF77}.Release|Win32.Build.0 = Release|Win32
	EndGlobalSection
	GlobalSection(ExtensibilityGlobals) = postSolution
	EndGlobalSection
	GlobalSection(ExtensibilityAddIns) = postSolution
	EndGlobalSection
EndGlobal
